
Microsoft Visual Studio Solution File, Format Version 12.00
# Visual Studio Version 16
VisualStudioVersion = 16.0.30320.27
MinimumVisualStudioVersion = 10.0.40219.1
Project("{2150E333-8FDC-42A3-9474-1A3956D46DE8}") = "Basic", "Basic", "{81C25810-BA7F-4DA8-8671-9C53CB89244C}"
EndProject
Project("{2150E333-8FDC-42A3-9474-1A3956D46DE8}") = "Configuration", "Configuration", "{98B4B0ED-D60F-4D64-B4E5-02464BBB882D}"
EndProject
Project("{2150E333-8FDC-42A3-9474-1A3956D46DE8}") = "Nodes", "Nodes", "{AA959C0B-D609-47FC-B223-ABCF3E164A33}"
EndProject
Project("{2150E333-8FDC-42A3-9474-1A3956D46DE8}") = "Scenarios", "Scenarios", "{074E2979-8A4D-4BCC-A96C-EB3C6E427D74}"
EndProject
Project("{9A19103F-16F7-4668-BE54-9A1E7A4F7556}") = "Server", "Basic\Server\Server.csproj", "{87952321-9EB0-4592-B52C-AAEC0DEF1509}"
EndProject
Project("{9A19103F-16F7-4668-BE54-9A1E7A4F7556}") = "Server.AE", "Basic\Server.AE\Server.AE.csproj", "{C639FD8C-8768-4F8B-A4D1-1A96C9BA9ACB}"
EndProject
Project("{9A19103F-16F7-4668-BE54-9A1E7A4F7556}") = "Server.Authentication", "Basic\Server.Authentication\Server.Authentication.csproj", "{07F6FA24-D1C0-46FB-819D-FC527ED48B33}"
EndProject
Project("{9A19103F-16F7-4668-BE54-9A1E7A4F7556}") = "Server.HDA", "Basic\Server.HDA\Server.HDA.csproj", "{C35F14DC-EA16-4414-924E-8C01B2DAE4EC}"
EndProject
Project("{9A19103F-16F7-4668-BE54-9A1E7A4F7556}") = "Server.ConfiguredViaCode", "Configuration\Server.ConfiguredViaCode\Server.ConfiguredViaCode.csproj", "{E6EB3417-133D-4693-B25F-0940CB9976A0}"
EndProject
Project("{9A19103F-16F7-4668-BE54-9A1E7A4F7556}") = "Server.ConfiguredViaXml", "Configuration\Server.ConfiguredViaXml\Server.ConfiguredViaXml.csproj", "{A8DE5785-7819-4833-B367-D6498D77EEF8}"
EndProject
Project("{9A19103F-16F7-4668-BE54-9A1E7A4F7556}") = "Server.AnalogItemNode", "Nodes\Server.AnalogItemNode\Server.AnalogItemNode.csproj", "{9F29A96B-6A53-42F9-9245-0BB3FC5F1F75}"
EndProject
Project("{9A19103F-16F7-4668-BE54-9A1E7A4F7556}") = "Server.DataTypeNode", "Nodes\Server.DataTypeNode\Server.DataTypeNode.csproj", "{0F53841F-DAA2-4E7B-8478-31B2665F024B}"
EndProject
Project("{9A19103F-16F7-4668-BE54-9A1E7A4F7556}") = "Server.NodeAccess", "Scenarios\Server.NodeAccess\Server.NodeAccess.csproj", "{C795BF79-58CF-484D-A246-97719AD54E56}"
EndProject
Project("{9A19103F-16F7-4668-BE54-9A1E7A4F7556}") = "Server.Temperature", "Scenarios\Server.Temperature\Server.Temperature.csproj", "{04EA53BF-0EE5-46BE-AF98-93DCFD1DBAE9}"
EndProject
Project("{9A19103F-16F7-4668-BE54-9A1E7A4F7556}") = "Server.ClientAddedNodesWithHistory", "Scenarios\Server.ClientAddedNodesWithHistory\Server.ClientAddedNodesWithHistory.csproj", "{CBB08182-90FD-45DA-9EBA-957C13F2D4ED}"
EndProject
Project("{9A19103F-16F7-4668-BE54-9A1E7A4F7556}") = "Server.RecursiveSubscription", "Scenarios\Server.RecursiveSubscription\Server.RecursiveSubscription.csproj", "{EA1FF01F-8515-40E8-BEBB-9A622764C3EA}"
EndProject
Project("{9A19103F-16F7-4668-BE54-9A1E7A4F7556}") = "Server.Playground", "Scenarios\Server.Playground\Server.Playground.csproj", "{45538FB6-1AAC-45CF-942F-2BC152FBF2D8}"
EndProject
Project("{9A19103F-16F7-4668-BE54-9A1E7A4F7556}") = "Server.DynamicNodes", "Scenarios\Server.DynamicNodes\Server.DynamicNodes.csproj", "{29953B53-A612-4266-918B-D7A66F3CAB77}"
EndProject
Project("{9A19103F-16F7-4668-BE54-9A1E7A4F7556}") = "Server.NodeSet.Umati", "Scenarios\Server.NodeSet.Umati\Server.NodeSet.Umati.csproj", "{4D34E8C5-6AAD-4049-973B-8F0CDC48ECAE}"
EndProject
Project("{9A19103F-16F7-4668-BE54-9A1E7A4F7556}") = "Server.HDA.Sql", "Basic\Server.HDA.Sql\Server.HDA.Sql.csproj", "{F111E35F-FE2E-4C1A-88EF-1DC6B51108A4}"
EndProject
Project("{9A19103F-16F7-4668-BE54-9A1E7A4F7556}") = "Server.Localization", "Scenarios\Server.Localization\Server.Localization.csproj", "{602868A9-3A13-47FF-BA15-3E567C8AD0B7}"
EndProject
Project("{9A19103F-16F7-4668-BE54-9A1E7A4F7556}") = "Server.DynamicNamespaces", "Scenarios\Server.DynamicNamespaces\Server.DynamicNamespaces.csproj", "{C8DAC08D-08F2-4D45-8451-1A08F97B985A}"
EndProject
Project("{9A19103F-16F7-4668-BE54-9A1E7A4F7556}") = "Server.DataTypes", "Basic\Server.DataTypes\Server.DataTypes.csproj", "{7FE88216-32D5-4D6A-98BC-F1886F058043}"
EndProject
Project("{9A19103F-16F7-4668-BE54-9A1E7A4F7556}") = "Server.NodeTypes", "Basic\Server.NodeTypes\Server.NodeTypes.csproj", "{4242A85F-3EC1-4978-A450-CFFE37F8165F}"
EndProject
Project("{9A19103F-16F7-4668-BE54-9A1E7A4F7556}") = "Server.UserIdentities", "Scenarios\Server.UserIdentities\Server.UserIdentities.csproj", "{9D4B25CC-C0C5-4C80-B331-8128F30287AA}"
EndProject
Project("{9A19103F-16F7-4668-BE54-9A1E7A4F7556}") = "Server.CustomFile", "Scenarios\Server.CustomFile\Server.CustomFile.csproj", "{E39B99EA-5356-4B0F-B2D9-5339A70CC63D}"
EndProject
Project("{9A19103F-16F7-4668-BE54-9A1E7A4F7556}") = "Server.SimaticNodes", "Scenarios\Server.SimaticNodes\Server.SimaticNodes.csproj", "{8CDFBF9D-AEAA-4ADA-8CAD-BEB3B912BD49}"
EndProject
Project("{2150E333-8FDC-42A3-9474-1A3956D46DE8}") = "Subscriptions", "Subscriptions", "{C5FB1DE7-1BEA-475B-BEA6-5A86D67064E9}"
EndProject
Project("{9A19103F-16F7-4668-BE54-9A1E7A4F7556}") = "Server.BulkChanges", "Subscriptions\Server.BulkChanges\Server.BulkChanges.csproj", "{6ECF9058-1F51-47E0-BE83-E5A55D3404D7}"
EndProject
Project("{9A19103F-16F7-4668-BE54-9A1E7A4F7556}") = "Server.HandshakeChanges", "Subscriptions\Server.HandshakeChanges\Server.HandshakeChanges.csproj", "{433053CD-78F7-4029-950E-00F381A092BB}"
EndProject
Project("{9A19103F-16F7-4668-BE54-9A1E7A4F7556}") = "Server.LightweightEvents", "Scenarios\Server.LightweightEvents\Server.LightweightEvents.csproj", "{DCA2CF80-4854-4880-B39D-6EA734DC9B6F}"
EndProject
Project("{9A19103F-16F7-4668-BE54-9A1E7A4F7556}") = "Server.BulkChanges.HiRes", "Subscriptions\Server.BulkChanges.HiRes\Server.BulkChanges.HiRes.csproj", "{E063993E-E0CD-4641-BDED-6B946AAD3313}"
EndProject
Project("{9A19103F-16F7-4668-BE54-9A1E7A4F7556}") = "Server.MethodNode", "Nodes\Server.MethodNode\Server.MethodNode.csproj", "{693134EB-45CD-43BF-A334-79E0859A816A}"
EndProject
Project("{9A19103F-16F7-4668-BE54-9A1E7A4F7556}") = "Server.EventTypes", "Basic\Server.EventTypes\Server.EventTypes.csproj", "{35FB636D-F881-45AC-A317-DB2445CE0A62}"
EndProject
Project("{9A19103F-16F7-4668-BE54-9A1E7A4F7556}") = "Server.NodeSet.PackML", "Scenarios\Server.NodeSet.PackML\Server.NodeSet.PackML.csproj", "{82472D52-5DD1-4A2E-9A93-1B96CC3EF57B}"
EndProject
Project("{9A19103F-16F7-4668-BE54-9A1E7A4F7556}") = "Server.DataTypes.Complex", "Basic\Server.DataTypes.Complex\Server.DataTypes.Complex.csproj", "{C1541041-5D0E-480E-B58F-4DE37ABEB6FD}"
EndProject
Project("{9A19103F-16F7-4668-BE54-9A1E7A4F7556}") = "Server.SignalR", "Scenarios\Server.SignalR\Server.SignalR.csproj", "{2470759A-887B-4261-834A-A5F6E7FDD62C}"
EndProject
Global
	GlobalSection(SolutionConfigurationPlatforms) = preSolution
		Debug|Any CPU = Debug|Any CPU
		Release|Any CPU = Release|Any CPU
	EndGlobalSection
	GlobalSection(ProjectConfigurationPlatforms) = postSolution
		{87952321-9EB0-4592-B52C-AAEC0DEF1509}.Debug|Any CPU.ActiveCfg = Debug|Any CPU
		{87952321-9EB0-4592-B52C-AAEC0DEF1509}.Debug|Any CPU.Build.0 = Debug|Any CPU
		{87952321-9EB0-4592-B52C-AAEC0DEF1509}.Release|Any CPU.ActiveCfg = Release|Any CPU
		{87952321-9EB0-4592-B52C-AAEC0DEF1509}.Release|Any CPU.Build.0 = Release|Any CPU
		{C639FD8C-8768-4F8B-A4D1-1A96C9BA9ACB}.Debug|Any CPU.ActiveCfg = Debug|Any CPU
		{C639FD8C-8768-4F8B-A4D1-1A96C9BA9ACB}.Debug|Any CPU.Build.0 = Debug|Any CPU
		{C639FD8C-8768-4F8B-A4D1-1A96C9BA9ACB}.Release|Any CPU.ActiveCfg = Release|Any CPU
		{C639FD8C-8768-4F8B-A4D1-1A96C9BA9ACB}.Release|Any CPU.Build.0 = Release|Any CPU
		{07F6FA24-D1C0-46FB-819D-FC527ED48B33}.Debug|Any CPU.ActiveCfg = Debug|Any CPU
		{07F6FA24-D1C0-46FB-819D-FC527ED48B33}.Debug|Any CPU.Build.0 = Debug|Any CPU
		{07F6FA24-D1C0-46FB-819D-FC527ED48B33}.Release|Any CPU.ActiveCfg = Release|Any CPU
		{07F6FA24-D1C0-46FB-819D-FC527ED48B33}.Release|Any CPU.Build.0 = Release|Any CPU
		{C35F14DC-EA16-4414-924E-8C01B2DAE4EC}.Debug|Any CPU.ActiveCfg = Debug|Any CPU
		{C35F14DC-EA16-4414-924E-8C01B2DAE4EC}.Debug|Any CPU.Build.0 = Debug|Any CPU
		{C35F14DC-EA16-4414-924E-8C01B2DAE4EC}.Release|Any CPU.ActiveCfg = Release|Any CPU
		{C35F14DC-EA16-4414-924E-8C01B2DAE4EC}.Release|Any CPU.Build.0 = Release|Any CPU
		{E6EB3417-133D-4693-B25F-0940CB9976A0}.Debug|Any CPU.ActiveCfg = Debug|Any CPU
		{E6EB3417-133D-4693-B25F-0940CB9976A0}.Debug|Any CPU.Build.0 = Debug|Any CPU
		{E6EB3417-133D-4693-B25F-0940CB9976A0}.Release|Any CPU.ActiveCfg = Release|Any CPU
		{E6EB3417-133D-4693-B25F-0940CB9976A0}.Release|Any CPU.Build.0 = Release|Any CPU
		{A8DE5785-7819-4833-B367-D6498D77EEF8}.Debug|Any CPU.ActiveCfg = Debug|Any CPU
		{A8DE5785-7819-4833-B367-D6498D77EEF8}.Debug|Any CPU.Build.0 = Debug|Any CPU
		{A8DE5785-7819-4833-B367-D6498D77EEF8}.Release|Any CPU.ActiveCfg = Release|Any CPU
		{A8DE5785-7819-4833-B367-D6498D77EEF8}.Release|Any CPU.Build.0 = Release|Any CPU
		{9F29A96B-6A53-42F9-9245-0BB3FC5F1F75}.Debug|Any CPU.ActiveCfg = Debug|Any CPU
		{9F29A96B-6A53-42F9-9245-0BB3FC5F1F75}.Debug|Any CPU.Build.0 = Debug|Any CPU
		{9F29A96B-6A53-42F9-9245-0BB3FC5F1F75}.Release|Any CPU.ActiveCfg = Release|Any CPU
		{9F29A96B-6A53-42F9-9245-0BB3FC5F1F75}.Release|Any CPU.Build.0 = Release|Any CPU
		{0F53841F-DAA2-4E7B-8478-31B2665F024B}.Debug|Any CPU.ActiveCfg = Debug|Any CPU
		{0F53841F-DAA2-4E7B-8478-31B2665F024B}.Debug|Any CPU.Build.0 = Debug|Any CPU
		{0F53841F-DAA2-4E7B-8478-31B2665F024B}.Release|Any CPU.ActiveCfg = Release|Any CPU
		{0F53841F-DAA2-4E7B-8478-31B2665F024B}.Release|Any CPU.Build.0 = Release|Any CPU
		{C795BF79-58CF-484D-A246-97719AD54E56}.Debug|Any CPU.ActiveCfg = Debug|Any CPU
		{C795BF79-58CF-484D-A246-97719AD54E56}.Debug|Any CPU.Build.0 = Debug|Any CPU
		{C795BF79-58CF-484D-A246-97719AD54E56}.Release|Any CPU.ActiveCfg = Release|Any CPU
		{C795BF79-58CF-484D-A246-97719AD54E56}.Release|Any CPU.Build.0 = Release|Any CPU
		{04EA53BF-0EE5-46BE-AF98-93DCFD1DBAE9}.Debug|Any CPU.ActiveCfg = Debug|Any CPU
		{04EA53BF-0EE5-46BE-AF98-93DCFD1DBAE9}.Debug|Any CPU.Build.0 = Debug|Any CPU
		{04EA53BF-0EE5-46BE-AF98-93DCFD1DBAE9}.Release|Any CPU.ActiveCfg = Release|Any CPU
		{04EA53BF-0EE5-46BE-AF98-93DCFD1DBAE9}.Release|Any CPU.Build.0 = Release|Any CPU
		{CBB08182-90FD-45DA-9EBA-957C13F2D4ED}.Debug|Any CPU.ActiveCfg = Debug|Any CPU
		{CBB08182-90FD-45DA-9EBA-957C13F2D4ED}.Debug|Any CPU.Build.0 = Debug|Any CPU
		{CBB08182-90FD-45DA-9EBA-957C13F2D4ED}.Release|Any CPU.ActiveCfg = Release|Any CPU
		{CBB08182-90FD-45DA-9EBA-957C13F2D4ED}.Release|Any CPU.Build.0 = Release|Any CPU
		{EA1FF01F-8515-40E8-BEBB-9A622764C3EA}.Debug|Any CPU.ActiveCfg = Debug|Any CPU
		{EA1FF01F-8515-40E8-BEBB-9A622764C3EA}.Debug|Any CPU.Build.0 = Debug|Any CPU
		{EA1FF01F-8515-40E8-BEBB-9A622764C3EA}.Release|Any CPU.ActiveCfg = Release|Any CPU
		{EA1FF01F-8515-40E8-BEBB-9A622764C3EA}.Release|Any CPU.Build.0 = Release|Any CPU
		{45538FB6-1AAC-45CF-942F-2BC152FBF2D8}.Debug|Any CPU.ActiveCfg = Debug|Any CPU
		{45538FB6-1AAC-45CF-942F-2BC152FBF2D8}.Debug|Any CPU.Build.0 = Debug|Any CPU
		{45538FB6-1AAC-45CF-942F-2BC152FBF2D8}.Release|Any CPU.ActiveCfg = Release|Any CPU
		{45538FB6-1AAC-45CF-942F-2BC152FBF2D8}.Release|Any CPU.Build.0 = Release|Any CPU
		{29953B53-A612-4266-918B-D7A66F3CAB77}.Debug|Any CPU.ActiveCfg = Debug|Any CPU
		{29953B53-A612-4266-918B-D7A66F3CAB77}.Debug|Any CPU.Build.0 = Debug|Any CPU
		{29953B53-A612-4266-918B-D7A66F3CAB77}.Release|Any CPU.ActiveCfg = Release|Any CPU
		{29953B53-A612-4266-918B-D7A66F3CAB77}.Release|Any CPU.Build.0 = Release|Any CPU
		{4D34E8C5-6AAD-4049-973B-8F0CDC48ECAE}.Debug|Any CPU.ActiveCfg = Debug|Any CPU
		{4D34E8C5-6AAD-4049-973B-8F0CDC48ECAE}.Debug|Any CPU.Build.0 = Debug|Any CPU
		{4D34E8C5-6AAD-4049-973B-8F0CDC48ECAE}.Release|Any CPU.ActiveCfg = Release|Any CPU
		{4D34E8C5-6AAD-4049-973B-8F0CDC48ECAE}.Release|Any CPU.Build.0 = Release|Any CPU
		{F111E35F-FE2E-4C1A-88EF-1DC6B51108A4}.Debug|Any CPU.ActiveCfg = Debug|Any CPU
		{F111E35F-FE2E-4C1A-88EF-1DC6B51108A4}.Debug|Any CPU.Build.0 = Debug|Any CPU
		{F111E35F-FE2E-4C1A-88EF-1DC6B51108A4}.Release|Any CPU.ActiveCfg = Release|Any CPU
		{F111E35F-FE2E-4C1A-88EF-1DC6B51108A4}.Release|Any CPU.Build.0 = Release|Any CPU
		{602868A9-3A13-47FF-BA15-3E567C8AD0B7}.Debug|Any CPU.ActiveCfg = Debug|Any CPU
		{602868A9-3A13-47FF-BA15-3E567C8AD0B7}.Debug|Any CPU.Build.0 = Debug|Any CPU
		{602868A9-3A13-47FF-BA15-3E567C8AD0B7}.Release|Any CPU.ActiveCfg = Release|Any CPU
		{602868A9-3A13-47FF-BA15-3E567C8AD0B7}.Release|Any CPU.Build.0 = Release|Any CPU
		{C8DAC08D-08F2-4D45-8451-1A08F97B985A}.Debug|Any CPU.ActiveCfg = Debug|Any CPU
		{C8DAC08D-08F2-4D45-8451-1A08F97B985A}.Debug|Any CPU.Build.0 = Debug|Any CPU
		{C8DAC08D-08F2-4D45-8451-1A08F97B985A}.Release|Any CPU.ActiveCfg = Release|Any CPU
		{C8DAC08D-08F2-4D45-8451-1A08F97B985A}.Release|Any CPU.Build.0 = Release|Any CPU
		{7FE88216-32D5-4D6A-98BC-F1886F058043}.Debug|Any CPU.ActiveCfg = Debug|Any CPU
		{7FE88216-32D5-4D6A-98BC-F1886F058043}.Debug|Any CPU.Build.0 = Debug|Any CPU
		{7FE88216-32D5-4D6A-98BC-F1886F058043}.Release|Any CPU.ActiveCfg = Release|Any CPU
		{7FE88216-32D5-4D6A-98BC-F1886F058043}.Release|Any CPU.Build.0 = Release|Any CPU
		{4242A85F-3EC1-4978-A450-CFFE37F8165F}.Debug|Any CPU.ActiveCfg = Debug|Any CPU
		{4242A85F-3EC1-4978-A450-CFFE37F8165F}.Debug|Any CPU.Build.0 = Debug|Any CPU
		{4242A85F-3EC1-4978-A450-CFFE37F8165F}.Release|Any CPU.ActiveCfg = Release|Any CPU
		{4242A85F-3EC1-4978-A450-CFFE37F8165F}.Release|Any CPU.Build.0 = Release|Any CPU
		{9D4B25CC-C0C5-4C80-B331-8128F30287AA}.Debug|Any CPU.ActiveCfg = Debug|Any CPU
		{9D4B25CC-C0C5-4C80-B331-8128F30287AA}.Debug|Any CPU.Build.0 = Debug|Any CPU
		{9D4B25CC-C0C5-4C80-B331-8128F30287AA}.Release|Any CPU.ActiveCfg = Release|Any CPU
		{9D4B25CC-C0C5-4C80-B331-8128F30287AA}.Release|Any CPU.Build.0 = Release|Any CPU
		{E39B99EA-5356-4B0F-B2D9-5339A70CC63D}.Debug|Any CPU.ActiveCfg = Debug|Any CPU
		{E39B99EA-5356-4B0F-B2D9-5339A70CC63D}.Debug|Any CPU.Build.0 = Debug|Any CPU
		{E39B99EA-5356-4B0F-B2D9-5339A70CC63D}.Release|Any CPU.ActiveCfg = Release|Any CPU
		{E39B99EA-5356-4B0F-B2D9-5339A70CC63D}.Release|Any CPU.Build.0 = Release|Any CPU
		{8CDFBF9D-AEAA-4ADA-8CAD-BEB3B912BD49}.Debug|Any CPU.ActiveCfg = Debug|Any CPU
		{8CDFBF9D-AEAA-4ADA-8CAD-BEB3B912BD49}.Debug|Any CPU.Build.0 = Debug|Any CPU
		{8CDFBF9D-AEAA-4ADA-8CAD-BEB3B912BD49}.Release|Any CPU.ActiveCfg = Release|Any CPU
		{8CDFBF9D-AEAA-4ADA-8CAD-BEB3B912BD49}.Release|Any CPU.Build.0 = Release|Any CPU
		{6ECF9058-1F51-47E0-BE83-E5A55D3404D7}.Debug|Any CPU.ActiveCfg = Debug|Any CPU
		{6ECF9058-1F51-47E0-BE83-E5A55D3404D7}.Debug|Any CPU.Build.0 = Debug|Any CPU
		{6ECF9058-1F51-47E0-BE83-E5A55D3404D7}.Release|Any CPU.ActiveCfg = Release|Any CPU
		{6ECF9058-1F51-47E0-BE83-E5A55D3404D7}.Release|Any CPU.Build.0 = Release|Any CPU
		{433053CD-78F7-4029-950E-00F381A092BB}.Debug|Any CPU.ActiveCfg = Debug|Any CPU
		{433053CD-78F7-4029-950E-00F381A092BB}.Debug|Any CPU.Build.0 = Debug|Any CPU
		{433053CD-78F7-4029-950E-00F381A092BB}.Release|Any CPU.ActiveCfg = Release|Any CPU
		{433053CD-78F7-4029-950E-00F381A092BB}.Release|Any CPU.Build.0 = Release|Any CPU
		{DCA2CF80-4854-4880-B39D-6EA734DC9B6F}.Debug|Any CPU.ActiveCfg = Debug|Any CPU
		{DCA2CF80-4854-4880-B39D-6EA734DC9B6F}.Debug|Any CPU.Build.0 = Debug|Any CPU
		{DCA2CF80-4854-4880-B39D-6EA734DC9B6F}.Release|Any CPU.ActiveCfg = Release|Any CPU
		{DCA2CF80-4854-4880-B39D-6EA734DC9B6F}.Release|Any CPU.Build.0 = Release|Any CPU
		{E063993E-E0CD-4641-BDED-6B946AAD3313}.Debug|Any CPU.ActiveCfg = Debug|Any CPU
		{E063993E-E0CD-4641-BDED-6B946AAD3313}.Debug|Any CPU.Build.0 = Debug|Any CPU
		{E063993E-E0CD-4641-BDED-6B946AAD3313}.Release|Any CPU.ActiveCfg = Release|Any CPU
		{E063993E-E0CD-4641-BDED-6B946AAD3313}.Release|Any CPU.Build.0 = Release|Any CPU
		{693134EB-45CD-43BF-A334-79E0859A816A}.Debug|Any CPU.ActiveCfg = Debug|Any CPU
		{693134EB-45CD-43BF-A334-79E0859A816A}.Debug|Any CPU.Build.0 = Debug|Any CPU
		{693134EB-45CD-43BF-A334-79E0859A816A}.Release|Any CPU.ActiveCfg = Release|Any CPU
		{693134EB-45CD-43BF-A334-79E0859A816A}.Release|Any CPU.Build.0 = Release|Any CPU
		{35FB636D-F881-45AC-A317-DB2445CE0A62}.Debug|Any CPU.ActiveCfg = Debug|Any CPU
		{35FB636D-F881-45AC-A317-DB2445CE0A62}.Debug|Any CPU.Build.0 = Debug|Any CPU
		{35FB636D-F881-45AC-A317-DB2445CE0A62}.Release|Any CPU.ActiveCfg = Release|Any CPU
		{35FB636D-F881-45AC-A317-DB2445CE0A62}.Release|Any CPU.Build.0 = Release|Any CPU
		{82472D52-5DD1-4A2E-9A93-1B96CC3EF57B}.Debug|Any CPU.ActiveCfg = Debug|Any CPU
		{82472D52-5DD1-4A2E-9A93-1B96CC3EF57B}.Debug|Any CPU.Build.0 = Debug|Any CPU
		{82472D52-5DD1-4A2E-9A93-1B96CC3EF57B}.Release|Any CPU.ActiveCfg = Release|Any CPU
		{82472D52-5DD1-4A2E-9A93-1B96CC3EF57B}.Release|Any CPU.Build.0 = Release|Any CPU
		{C1541041-5D0E-480E-B58F-4DE37ABEB6FD}.Debug|Any CPU.ActiveCfg = Debug|Any CPU
		{C1541041-5D0E-480E-B58F-4DE37ABEB6FD}.Debug|Any CPU.Build.0 = Debug|Any CPU
		{C1541041-5D0E-480E-B58F-4DE37ABEB6FD}.Release|Any CPU.ActiveCfg = Release|Any CPU
		{C1541041-5D0E-480E-B58F-4DE37ABEB6FD}.Release|Any CPU.Build.0 = Release|Any CPU
		{2470759A-887B-4261-834A-A5F6E7FDD62C}.Debug|Any CPU.ActiveCfg = Debug|Any CPU
		{2470759A-887B-4261-834A-A5F6E7FDD62C}.Debug|Any CPU.Build.0 = Debug|Any CPU
		{2470759A-887B-4261-834A-A5F6E7FDD62C}.Release|Any CPU.ActiveCfg = Release|Any CPU
		{2470759A-887B-4261-834A-A5F6E7FDD62C}.Release|Any CPU.Build.0 = Release|Any CPU
	EndGlobalSection
	GlobalSection(SolutionProperties) = preSolution
		HideSolutionNode = FALSE
	EndGlobalSection
	GlobalSection(NestedProjects) = preSolution
		{87952321-9EB0-4592-B52C-AAEC0DEF1509} = {81C25810-BA7F-4DA8-8671-9C53CB89244C}
		{C639FD8C-8768-4F8B-A4D1-1A96C9BA9ACB} = {81C25810-BA7F-4DA8-8671-9C53CB89244C}
		{07F6FA24-D1C0-46FB-819D-FC527ED48B33} = {81C25810-BA7F-4DA8-8671-9C53CB89244C}
		{C35F14DC-EA16-4414-924E-8C01B2DAE4EC} = {81C25810-BA7F-4DA8-8671-9C53CB89244C}
		{E6EB3417-133D-4693-B25F-0940CB9976A0} = {98B4B0ED-D60F-4D64-B4E5-02464BBB882D}
		{A8DE5785-7819-4833-B367-D6498D77EEF8} = {98B4B0ED-D60F-4D64-B4E5-02464BBB882D}
		{9F29A96B-6A53-42F9-9245-0BB3FC5F1F75} = {AA959C0B-D609-47FC-B223-ABCF3E164A33}
		{0F53841F-DAA2-4E7B-8478-31B2665F024B} = {AA959C0B-D609-47FC-B223-ABCF3E164A33}
		{C795BF79-58CF-484D-A246-97719AD54E56} = {074E2979-8A4D-4BCC-A96C-EB3C6E427D74}
		{04EA53BF-0EE5-46BE-AF98-93DCFD1DBAE9} = {074E2979-8A4D-4BCC-A96C-EB3C6E427D74}
		{CBB08182-90FD-45DA-9EBA-957C13F2D4ED} = {074E2979-8A4D-4BCC-A96C-EB3C6E427D74}
		{EA1FF01F-8515-40E8-BEBB-9A622764C3EA} = {074E2979-8A4D-4BCC-A96C-EB3C6E427D74}
		{45538FB6-1AAC-45CF-942F-2BC152FBF2D8} = {074E2979-8A4D-4BCC-A96C-EB3C6E427D74}
		{29953B53-A612-4266-918B-D7A66F3CAB77} = {074E2979-8A4D-4BCC-A96C-EB3C6E427D74}
		{4D34E8C5-6AAD-4049-973B-8F0CDC48ECAE} = {074E2979-8A4D-4BCC-A96C-EB3C6E427D74}
		{F111E35F-FE2E-4C1A-88EF-1DC6B51108A4} = {81C25810-BA7F-4DA8-8671-9C53CB89244C}
		{602868A9-3A13-47FF-BA15-3E567C8AD0B7} = {074E2979-8A4D-4BCC-A96C-EB3C6E427D74}
		{C8DAC08D-08F2-4D45-8451-1A08F97B985A} = {074E2979-8A4D-4BCC-A96C-EB3C6E427D74}
		{7FE88216-32D5-4D6A-98BC-F1886F058043} = {81C25810-BA7F-4DA8-8671-9C53CB89244C}
		{4242A85F-3EC1-4978-A450-CFFE37F8165F} = {074E2979-8A4D-4BCC-A96C-EB3C6E427D74}
		{9D4B25CC-C0C5-4C80-B331-8128F30287AA} = {074E2979-8A4D-4BCC-A96C-EB3C6E427D74}
		{E39B99EA-5356-4B0F-B2D9-5339A70CC63D} = {074E2979-8A4D-4BCC-A96C-EB3C6E427D74}
		{8CDFBF9D-AEAA-4ADA-8CAD-BEB3B912BD49} = {074E2979-8A4D-4BCC-A96C-EB3C6E427D74}
		{6ECF9058-1F51-47E0-BE83-E5A55D3404D7} = {C5FB1DE7-1BEA-475B-BEA6-5A86D67064E9}
		{433053CD-78F7-4029-950E-00F381A092BB} = {C5FB1DE7-1BEA-475B-BEA6-5A86D67064E9}
		{DCA2CF80-4854-4880-B39D-6EA734DC9B6F} = {074E2979-8A4D-4BCC-A96C-EB3C6E427D74}
		{E063993E-E0CD-4641-BDED-6B946AAD3313} = {C5FB1DE7-1BEA-475B-BEA6-5A86D67064E9}
		{693134EB-45CD-43BF-A334-79E0859A816A} = {AA959C0B-D609-47FC-B223-ABCF3E164A33}
		{35FB636D-F881-45AC-A317-DB2445CE0A62} = {81C25810-BA7F-4DA8-8671-9C53CB89244C}
		{82472D52-5DD1-4A2E-9A93-1B96CC3EF57B} = {074E2979-8A4D-4BCC-A96C-EB3C6E427D74}
		{C1541041-5D0E-480E-B58F-4DE37ABEB6FD} = {81C25810-BA7F-4DA8-8671-9C53CB89244C}
		{2470759A-887B-4261-834A-A5F6E7FDD62C} = {074E2979-8A4D-4BCC-A96C-EB3C6E427D74}
	EndGlobalSection
	GlobalSection(ExtensibilityGlobals) = postSolution
		SolutionGuid = {4A5326C4-49CF-4315-8D43-E794E0E8BC32}
	EndGlobalSection
EndGlobal
