
Microsoft Visual Studio Solution File, Format Version 12.00
# Visual Studio Version 16
VisualStudioVersion = 16.0.29613.14
MinimumVisualStudioVersion = 10.0.40219.1
Project("{2150E333-8FDC-42A3-9474-1A3956D46DE8}") = "Basic", "Basic", "{81C25810-BA7F-4DA8-8671-9C53CB89244C}"
EndProject
Project("{2150E333-8FDC-42A3-9474-1A3956D46DE8}") = "Configuration", "Configuration", "{98B4B0ED-D60F-4D64-B4E5-02464BBB882D}"
EndProject
Project("{2150E333-8FDC-42A3-9474-1A3956D46DE8}") = "Nodes", "Nodes", "{AA959C0B-D609-47FC-B223-ABCF3E164A33}"
EndProject
Project("{2150E333-8FDC-42A3-9474-1A3956D46DE8}") = "Scenarios", "Scenarios", "{074E2979-8A4D-4BCC-A96C-EB3C6E427D74}"
EndProject
Project("{9A19103F-16F7-4668-BE54-9A1E7A4F7556}") = "Client", "Basic\Client\Client.csproj", "{3E128D08-9BFC-4359-9A2D-55E959DE2327}"
EndProject
Project("{9A19103F-16F7-4668-BE54-9A1E7A4F7556}") = "Client.AE", "Basic\Client.AE\Client.AE.csproj", "{B281D074-4F58-4CFB-9B01-3C32571B4ED4}"
EndProject
Project("{9A19103F-16F7-4668-BE54-9A1E7A4F7556}") = "Client.Authentication", "Basic\Client.Authentication\Client.Authentication.csproj", "{93490B51-EFE0-43F7-AC92-19FA15F3FBAF}"
EndProject
Project("{9A19103F-16F7-4668-BE54-9A1E7A4F7556}") = "Client.Browsing", "Basic\Client.Browsing\Client.Browsing.csproj", "{75172250-D39D-4A68-84A9-C03D09ECF712}"
EndProject
Project("{9A19103F-16F7-4668-BE54-9A1E7A4F7556}") = "Client.HDA", "Basic\Client.HDA\Client.HDA.csproj", "{A53BC872-F7C8-43E0-B3F7-02F7FEF1BD5E}"
EndProject
Project("{9A19103F-16F7-4668-BE54-9A1E7A4F7556}") = "Client.ConfiguredViaCode", "Configuration\Client.ConfiguredViaCode\Client.ConfiguredViaCode.csproj", "{0645DFA5-2DE1-44A4-AA5C-4FD7C33BAD3D}"
EndProject
Project("{9A19103F-16F7-4668-BE54-9A1E7A4F7556}") = "Client.ConfiguredViaXml", "Configuration\Client.ConfiguredViaXml\Client.ConfiguredViaXml.csproj", "{4C0808C7-2AD9-4971-BFE2-0B3074B4850F}"
EndProject
Project("{9A19103F-16F7-4668-BE54-9A1E7A4F7556}") = "Client.AnalogItemNode", "Nodes\Client.AnalogItemNode\Client.AnalogItemNode.csproj", "{327AAF12-0818-4F47-A9B0-02D636AC1C20}"
EndProject
Project("{9A19103F-16F7-4668-BE54-9A1E7A4F7556}") = "Client.DataTypeNode", "Nodes\Client.DataTypeNode\Client.DataTypeNode.csproj", "{6839909F-3AEF-4880-BBD9-2F166C195A9A}"
EndProject
Project("{9A19103F-16F7-4668-BE54-9A1E7A4F7556}") = "Client.Temperature", "Scenarios\Client.Temperature\Client.Temperature.csproj", "{29119D0B-F066-43D7-906D-D9B4863461AC}"
EndProject
Project("{9A19103F-16F7-4668-BE54-9A1E7A4F7556}") = "Client.ClientAddedNodesWithHistory", "Scenarios\Client.ClientAddedNodesWithHistory\Client.ClientAddedNodesWithHistory.csproj", "{9BBDE75B-3782-4F39-8788-62566E51FFD8}"
EndProject
Project("{9A19103F-16F7-4668-BE54-9A1E7A4F7556}") = "Client.RecursiveSubscription", "Scenarios\Client.RecursiveSubscription\Client.RecursiveSubscription.csproj", "{CAC978FF-C237-4815-A8B0-971B844C9EB0}"
EndProject
Project("{2150E333-8FDC-42A3-9474-1A3956D46DE8}") = "Platforms", "Platforms", "{15761C78-C89A-4A96-B3EC-4DAE3326EA0D}"
EndProject
Project("{FAE04EC0-301F-11D3-BF4B-00C04F79EFBC}") = "Client.Uwp", "Platforms\Client.Uwp\Client.Uwp.csproj", "{ED761EF7-CD9F-476D-968D-A42EF7896567}"
EndProject
Project("{9A19103F-16F7-4668-BE54-9A1E7A4F7556}") = "Client.Wpf", "Platforms\Client.Wpf\Client.Wpf.csproj", "{38C36A4B-D1B7-495F-B903-CE76AE05EFB1}"
EndProject
Project("{9A19103F-16F7-4668-BE54-9A1E7A4F7556}") = "Client.NodeExplorer", "Scenarios\Client.NodeExplorer\Client.NodeExplorer.csproj", "{38A3BA54-676A-478F-B597-7DB13E5979FA}"
EndProject
Project("{9A19103F-16F7-4668-BE54-9A1E7A4F7556}") = "Client.Umati", "Scenarios\Client.Umati\Client.Umati.csproj", "{E9D18F25-B1D5-475D-BBF5-D1881BAB10AA}"
EndProject
Project("{9A19103F-16F7-4668-BE54-9A1E7A4F7556}") = "Client.Localization", "Scenarios\Client.Localization\Client.Localization.csproj", "{E36ED5D8-4187-4CF3-9CEE-6D0C9BA10D2F}"
EndProject
Project("{9A19103F-16F7-4668-BE54-9A1E7A4F7556}") = "Client.DynamicNamespaces", "Scenarios\Client.DynamicNamespaces\Client.DynamicNamespaces.csproj", "{F11B67C9-16D1-42AB-8E9C-B5D845ADC3D8}"
EndProject
Project("{9A19103F-16F7-4668-BE54-9A1E7A4F7556}") = "Client.DataTypes", "Basic\Client.DataTypes\Client.DataTypes.csproj", "{5F1F4DE9-5CF8-4D15-A56E-4048ADA69F00}"
EndProject
Project("{2150E333-8FDC-42A3-9474-1A3956D46DE8}") = "Subscriptions", "Subscriptions", "{1B543197-9E43-4B35-8EF6-CA3B6F49E0E9}"
EndProject
Project("{9A19103F-16F7-4668-BE54-9A1E7A4F7556}") = "Client.BulkChanges", "Subscriptions\Client.BulkChanges\Client.BulkChanges.csproj", "{310F5E00-5262-49BB-9D1E-7F8F2816BC13}"
EndProject
Project("{9A19103F-16F7-4668-BE54-9A1E7A4F7556}") = "Client.HanshakeChanges", "Subscriptions\Client.HandshakeChanges\Client.HanshakeChanges.csproj", "{F7926128-AE41-42D9-B462-B9982BAF9C51}"
EndProject
Project("{9A19103F-16F7-4668-BE54-9A1E7A4F7556}") = "Client.BulkChanges.HiRes", "Subscriptions\Client.BulkChanges.HiRes\Client.BulkChanges.HiRes.csproj", "{4C02F73D-8391-4CB6-88D7-24FF284BB7DA}"
EndProject
Global
	GlobalSection(SolutionConfigurationPlatforms) = preSolution
		Debug|Any CPU = Debug|Any CPU
		Debug|ARM = Debug|ARM
		Debug|ARM64 = Debug|ARM64
		Debug|x64 = Debug|x64
		Debug|x86 = Debug|x86
		Release|Any CPU = Release|Any CPU
		Release|ARM = Release|ARM
		Release|ARM64 = Release|ARM64
		Release|x64 = Release|x64
		Release|x86 = Release|x86
	EndGlobalSection
	GlobalSection(ProjectConfigurationPlatforms) = postSolution
		{3E128D08-9BFC-4359-9A2D-55E959DE2327}.Debug|Any CPU.ActiveCfg = Debug|Any CPU
		{3E128D08-9BFC-4359-9A2D-55E959DE2327}.Debug|Any CPU.Build.0 = Debug|Any CPU
		{3E128D08-9BFC-4359-9A2D-55E959DE2327}.Debug|ARM.ActiveCfg = Debug|Any CPU
		{3E128D08-9BFC-4359-9A2D-55E959DE2327}.Debug|ARM.Build.0 = Debug|Any CPU
		{3E128D08-9BFC-4359-9A2D-55E959DE2327}.Debug|ARM64.ActiveCfg = Debug|Any CPU
		{3E128D08-9BFC-4359-9A2D-55E959DE2327}.Debug|ARM64.Build.0 = Debug|Any CPU
		{3E128D08-9BFC-4359-9A2D-55E959DE2327}.Debug|x64.ActiveCfg = Debug|Any CPU
		{3E128D08-9BFC-4359-9A2D-55E959DE2327}.Debug|x64.Build.0 = Debug|Any CPU
		{3E128D08-9BFC-4359-9A2D-55E959DE2327}.Debug|x86.ActiveCfg = Debug|Any CPU
		{3E128D08-9BFC-4359-9A2D-55E959DE2327}.Debug|x86.Build.0 = Debug|Any CPU
		{3E128D08-9BFC-4359-9A2D-55E959DE2327}.Release|Any CPU.ActiveCfg = Release|Any CPU
		{3E128D08-9BFC-4359-9A2D-55E959DE2327}.Release|Any CPU.Build.0 = Release|Any CPU
		{3E128D08-9BFC-4359-9A2D-55E959DE2327}.Release|ARM.ActiveCfg = Release|Any CPU
		{3E128D08-9BFC-4359-9A2D-55E959DE2327}.Release|ARM.Build.0 = Release|Any CPU
		{3E128D08-9BFC-4359-9A2D-55E959DE2327}.Release|ARM64.ActiveCfg = Release|Any CPU
		{3E128D08-9BFC-4359-9A2D-55E959DE2327}.Release|ARM64.Build.0 = Release|Any CPU
		{3E128D08-9BFC-4359-9A2D-55E959DE2327}.Release|x64.ActiveCfg = Release|Any CPU
		{3E128D08-9BFC-4359-9A2D-55E959DE2327}.Release|x64.Build.0 = Release|Any CPU
		{3E128D08-9BFC-4359-9A2D-55E959DE2327}.Release|x86.ActiveCfg = Release|Any CPU
		{3E128D08-9BFC-4359-9A2D-55E959DE2327}.Release|x86.Build.0 = Release|Any CPU
		{B281D074-4F58-4CFB-9B01-3C32571B4ED4}.Debug|Any CPU.ActiveCfg = Debug|Any CPU
		{B281D074-4F58-4CFB-9B01-3C32571B4ED4}.Debug|Any CPU.Build.0 = Debug|Any CPU
		{B281D074-4F58-4CFB-9B01-3C32571B4ED4}.Debug|ARM.ActiveCfg = Debug|Any CPU
		{B281D074-4F58-4CFB-9B01-3C32571B4ED4}.Debug|ARM.Build.0 = Debug|Any CPU
		{B281D074-4F58-4CFB-9B01-3C32571B4ED4}.Debug|ARM64.ActiveCfg = Debug|Any CPU
		{B281D074-4F58-4CFB-9B01-3C32571B4ED4}.Debug|ARM64.Build.0 = Debug|Any CPU
		{B281D074-4F58-4CFB-9B01-3C32571B4ED4}.Debug|x64.ActiveCfg = Debug|Any CPU
		{B281D074-4F58-4CFB-9B01-3C32571B4ED4}.Debug|x64.Build.0 = Debug|Any CPU
		{B281D074-4F58-4CFB-9B01-3C32571B4ED4}.Debug|x86.ActiveCfg = Debug|Any CPU
		{B281D074-4F58-4CFB-9B01-3C32571B4ED4}.Debug|x86.Build.0 = Debug|Any CPU
		{B281D074-4F58-4CFB-9B01-3C32571B4ED4}.Release|Any CPU.ActiveCfg = Release|Any CPU
		{B281D074-4F58-4CFB-9B01-3C32571B4ED4}.Release|Any CPU.Build.0 = Release|Any CPU
		{B281D074-4F58-4CFB-9B01-3C32571B4ED4}.Release|ARM.ActiveCfg = Release|Any CPU
		{B281D074-4F58-4CFB-9B01-3C32571B4ED4}.Release|ARM.Build.0 = Release|Any CPU
		{B281D074-4F58-4CFB-9B01-3C32571B4ED4}.Release|ARM64.ActiveCfg = Release|Any CPU
		{B281D074-4F58-4CFB-9B01-3C32571B4ED4}.Release|ARM64.Build.0 = Release|Any CPU
		{B281D074-4F58-4CFB-9B01-3C32571B4ED4}.Release|x64.ActiveCfg = Release|Any CPU
		{B281D074-4F58-4CFB-9B01-3C32571B4ED4}.Release|x64.Build.0 = Release|Any CPU
		{B281D074-4F58-4CFB-9B01-3C32571B4ED4}.Release|x86.ActiveCfg = Release|Any CPU
		{B281D074-4F58-4CFB-9B01-3C32571B4ED4}.Release|x86.Build.0 = Release|Any CPU
		{93490B51-EFE0-43F7-AC92-19FA15F3FBAF}.Debug|Any CPU.ActiveCfg = Debug|Any CPU
		{93490B51-EFE0-43F7-AC92-19FA15F3FBAF}.Debug|Any CPU.Build.0 = Debug|Any CPU
		{93490B51-EFE0-43F7-AC92-19FA15F3FBAF}.Debug|ARM.ActiveCfg = Debug|Any CPU
		{93490B51-EFE0-43F7-AC92-19FA15F3FBAF}.Debug|ARM.Build.0 = Debug|Any CPU
		{93490B51-EFE0-43F7-AC92-19FA15F3FBAF}.Debug|ARM64.ActiveCfg = Debug|Any CPU
		{93490B51-EFE0-43F7-AC92-19FA15F3FBAF}.Debug|ARM64.Build.0 = Debug|Any CPU
		{93490B51-EFE0-43F7-AC92-19FA15F3FBAF}.Debug|x64.ActiveCfg = Debug|Any CPU
		{93490B51-EFE0-43F7-AC92-19FA15F3FBAF}.Debug|x64.Build.0 = Debug|Any CPU
		{93490B51-EFE0-43F7-AC92-19FA15F3FBAF}.Debug|x86.ActiveCfg = Debug|Any CPU
		{93490B51-EFE0-43F7-AC92-19FA15F3FBAF}.Debug|x86.Build.0 = Debug|Any CPU
		{93490B51-EFE0-43F7-AC92-19FA15F3FBAF}.Release|Any CPU.ActiveCfg = Release|Any CPU
		{93490B51-EFE0-43F7-AC92-19FA15F3FBAF}.Release|Any CPU.Build.0 = Release|Any CPU
		{93490B51-EFE0-43F7-AC92-19FA15F3FBAF}.Release|ARM.ActiveCfg = Release|Any CPU
		{93490B51-EFE0-43F7-AC92-19FA15F3FBAF}.Release|ARM.Build.0 = Release|Any CPU
		{93490B51-EFE0-43F7-AC92-19FA15F3FBAF}.Release|ARM64.ActiveCfg = Release|Any CPU
		{93490B51-EFE0-43F7-AC92-19FA15F3FBAF}.Release|ARM64.Build.0 = Release|Any CPU
		{93490B51-EFE0-43F7-AC92-19FA15F3FBAF}.Release|x64.ActiveCfg = Release|Any CPU
		{93490B51-EFE0-43F7-AC92-19FA15F3FBAF}.Release|x64.Build.0 = Release|Any CPU
		{93490B51-EFE0-43F7-AC92-19FA15F3FBAF}.Release|x86.ActiveCfg = Release|Any CPU
		{93490B51-EFE0-43F7-AC92-19FA15F3FBAF}.Release|x86.Build.0 = Release|Any CPU
		{75172250-D39D-4A68-84A9-C03D09ECF712}.Debug|Any CPU.ActiveCfg = Debug|Any CPU
		{75172250-D39D-4A68-84A9-C03D09ECF712}.Debug|Any CPU.Build.0 = Debug|Any CPU
		{75172250-D39D-4A68-84A9-C03D09ECF712}.Debug|ARM.ActiveCfg = Debug|Any CPU
		{75172250-D39D-4A68-84A9-C03D09ECF712}.Debug|ARM.Build.0 = Debug|Any CPU
		{75172250-D39D-4A68-84A9-C03D09ECF712}.Debug|ARM64.ActiveCfg = Debug|Any CPU
		{75172250-D39D-4A68-84A9-C03D09ECF712}.Debug|ARM64.Build.0 = Debug|Any CPU
		{75172250-D39D-4A68-84A9-C03D09ECF712}.Debug|x64.ActiveCfg = Debug|Any CPU
		{75172250-D39D-4A68-84A9-C03D09ECF712}.Debug|x64.Build.0 = Debug|Any CPU
		{75172250-D39D-4A68-84A9-C03D09ECF712}.Debug|x86.ActiveCfg = Debug|Any CPU
		{75172250-D39D-4A68-84A9-C03D09ECF712}.Debug|x86.Build.0 = Debug|Any CPU
		{75172250-D39D-4A68-84A9-C03D09ECF712}.Release|Any CPU.ActiveCfg = Release|Any CPU
		{75172250-D39D-4A68-84A9-C03D09ECF712}.Release|Any CPU.Build.0 = Release|Any CPU
		{75172250-D39D-4A68-84A9-C03D09ECF712}.Release|ARM.ActiveCfg = Release|Any CPU
		{75172250-D39D-4A68-84A9-C03D09ECF712}.Release|ARM.Build.0 = Release|Any CPU
		{75172250-D39D-4A68-84A9-C03D09ECF712}.Release|ARM64.ActiveCfg = Release|Any CPU
		{75172250-D39D-4A68-84A9-C03D09ECF712}.Release|ARM64.Build.0 = Release|Any CPU
		{75172250-D39D-4A68-84A9-C03D09ECF712}.Release|x64.ActiveCfg = Release|Any CPU
		{75172250-D39D-4A68-84A9-C03D09ECF712}.Release|x64.Build.0 = Release|Any CPU
		{75172250-D39D-4A68-84A9-C03D09ECF712}.Release|x86.ActiveCfg = Release|Any CPU
		{75172250-D39D-4A68-84A9-C03D09ECF712}.Release|x86.Build.0 = Release|Any CPU
		{A53BC872-F7C8-43E0-B3F7-02F7FEF1BD5E}.Debug|Any CPU.ActiveCfg = Debug|Any CPU
		{A53BC872-F7C8-43E0-B3F7-02F7FEF1BD5E}.Debug|Any CPU.Build.0 = Debug|Any CPU
		{A53BC872-F7C8-43E0-B3F7-02F7FEF1BD5E}.Debug|ARM.ActiveCfg = Debug|Any CPU
		{A53BC872-F7C8-43E0-B3F7-02F7FEF1BD5E}.Debug|ARM.Build.0 = Debug|Any CPU
		{A53BC872-F7C8-43E0-B3F7-02F7FEF1BD5E}.Debug|ARM64.ActiveCfg = Debug|Any CPU
		{A53BC872-F7C8-43E0-B3F7-02F7FEF1BD5E}.Debug|ARM64.Build.0 = Debug|Any CPU
		{A53BC872-F7C8-43E0-B3F7-02F7FEF1BD5E}.Debug|x64.ActiveCfg = Debug|Any CPU
		{A53BC872-F7C8-43E0-B3F7-02F7FEF1BD5E}.Debug|x64.Build.0 = Debug|Any CPU
		{A53BC872-F7C8-43E0-B3F7-02F7FEF1BD5E}.Debug|x86.ActiveCfg = Debug|Any CPU
		{A53BC872-F7C8-43E0-B3F7-02F7FEF1BD5E}.Debug|x86.Build.0 = Debug|Any CPU
		{A53BC872-F7C8-43E0-B3F7-02F7FEF1BD5E}.Release|Any CPU.ActiveCfg = Release|Any CPU
		{A53BC872-F7C8-43E0-B3F7-02F7FEF1BD5E}.Release|Any CPU.Build.0 = Release|Any CPU
		{A53BC872-F7C8-43E0-B3F7-02F7FEF1BD5E}.Release|ARM.ActiveCfg = Release|Any CPU
		{A53BC872-F7C8-43E0-B3F7-02F7FEF1BD5E}.Release|ARM.Build.0 = Release|Any CPU
		{A53BC872-F7C8-43E0-B3F7-02F7FEF1BD5E}.Release|ARM64.ActiveCfg = Release|Any CPU
		{A53BC872-F7C8-43E0-B3F7-02F7FEF1BD5E}.Release|ARM64.Build.0 = Release|Any CPU
		{A53BC872-F7C8-43E0-B3F7-02F7FEF1BD5E}.Release|x64.ActiveCfg = Release|Any CPU
		{A53BC872-F7C8-43E0-B3F7-02F7FEF1BD5E}.Release|x64.Build.0 = Release|Any CPU
		{A53BC872-F7C8-43E0-B3F7-02F7FEF1BD5E}.Release|x86.ActiveCfg = Release|Any CPU
		{A53BC872-F7C8-43E0-B3F7-02F7FEF1BD5E}.Release|x86.Build.0 = Release|Any CPU
		{0645DFA5-2DE1-44A4-AA5C-4FD7C33BAD3D}.Debug|Any CPU.ActiveCfg = Debug|Any CPU
		{0645DFA5-2DE1-44A4-AA5C-4FD7C33BAD3D}.Debug|Any CPU.Build.0 = Debug|Any CPU
		{0645DFA5-2DE1-44A4-AA5C-4FD7C33BAD3D}.Debug|ARM.ActiveCfg = Debug|Any CPU
		{0645DFA5-2DE1-44A4-AA5C-4FD7C33BAD3D}.Debug|ARM.Build.0 = Debug|Any CPU
		{0645DFA5-2DE1-44A4-AA5C-4FD7C33BAD3D}.Debug|ARM64.ActiveCfg = Debug|Any CPU
		{0645DFA5-2DE1-44A4-AA5C-4FD7C33BAD3D}.Debug|ARM64.Build.0 = Debug|Any CPU
		{0645DFA5-2DE1-44A4-AA5C-4FD7C33BAD3D}.Debug|x64.ActiveCfg = Debug|Any CPU
		{0645DFA5-2DE1-44A4-AA5C-4FD7C33BAD3D}.Debug|x64.Build.0 = Debug|Any CPU
		{0645DFA5-2DE1-44A4-AA5C-4FD7C33BAD3D}.Debug|x86.ActiveCfg = Debug|Any CPU
		{0645DFA5-2DE1-44A4-AA5C-4FD7C33BAD3D}.Debug|x86.Build.0 = Debug|Any CPU
		{0645DFA5-2DE1-44A4-AA5C-4FD7C33BAD3D}.Release|Any CPU.ActiveCfg = Release|Any CPU
		{0645DFA5-2DE1-44A4-AA5C-4FD7C33BAD3D}.Release|Any CPU.Build.0 = Release|Any CPU
		{0645DFA5-2DE1-44A4-AA5C-4FD7C33BAD3D}.Release|ARM.ActiveCfg = Release|Any CPU
		{0645DFA5-2DE1-44A4-AA5C-4FD7C33BAD3D}.Release|ARM.Build.0 = Release|Any CPU
		{0645DFA5-2DE1-44A4-AA5C-4FD7C33BAD3D}.Release|ARM64.ActiveCfg = Release|Any CPU
		{0645DFA5-2DE1-44A4-AA5C-4FD7C33BAD3D}.Release|ARM64.Build.0 = Release|Any CPU
		{0645DFA5-2DE1-44A4-AA5C-4FD7C33BAD3D}.Release|x64.ActiveCfg = Release|Any CPU
		{0645DFA5-2DE1-44A4-AA5C-4FD7C33BAD3D}.Release|x64.Build.0 = Release|Any CPU
		{0645DFA5-2DE1-44A4-AA5C-4FD7C33BAD3D}.Release|x86.ActiveCfg = Release|Any CPU
		{0645DFA5-2DE1-44A4-AA5C-4FD7C33BAD3D}.Release|x86.Build.0 = Release|Any CPU
		{4C0808C7-2AD9-4971-BFE2-0B3074B4850F}.Debug|Any CPU.ActiveCfg = Debug|Any CPU
		{4C0808C7-2AD9-4971-BFE2-0B3074B4850F}.Debug|Any CPU.Build.0 = Debug|Any CPU
		{4C0808C7-2AD9-4971-BFE2-0B3074B4850F}.Debug|ARM.ActiveCfg = Debug|Any CPU
		{4C0808C7-2AD9-4971-BFE2-0B3074B4850F}.Debug|ARM.Build.0 = Debug|Any CPU
		{4C0808C7-2AD9-4971-BFE2-0B3074B4850F}.Debug|ARM64.ActiveCfg = Debug|Any CPU
		{4C0808C7-2AD9-4971-BFE2-0B3074B4850F}.Debug|ARM64.Build.0 = Debug|Any CPU
		{4C0808C7-2AD9-4971-BFE2-0B3074B4850F}.Debug|x64.ActiveCfg = Debug|Any CPU
		{4C0808C7-2AD9-4971-BFE2-0B3074B4850F}.Debug|x64.Build.0 = Debug|Any CPU
		{4C0808C7-2AD9-4971-BFE2-0B3074B4850F}.Debug|x86.ActiveCfg = Debug|Any CPU
		{4C0808C7-2AD9-4971-BFE2-0B3074B4850F}.Debug|x86.Build.0 = Debug|Any CPU
		{4C0808C7-2AD9-4971-BFE2-0B3074B4850F}.Release|Any CPU.ActiveCfg = Release|Any CPU
		{4C0808C7-2AD9-4971-BFE2-0B3074B4850F}.Release|Any CPU.Build.0 = Release|Any CPU
		{4C0808C7-2AD9-4971-BFE2-0B3074B4850F}.Release|ARM.ActiveCfg = Release|Any CPU
		{4C0808C7-2AD9-4971-BFE2-0B3074B4850F}.Release|ARM.Build.0 = Release|Any CPU
		{4C0808C7-2AD9-4971-BFE2-0B3074B4850F}.Release|ARM64.ActiveCfg = Release|Any CPU
		{4C0808C7-2AD9-4971-BFE2-0B3074B4850F}.Release|ARM64.Build.0 = Release|Any CPU
		{4C0808C7-2AD9-4971-BFE2-0B3074B4850F}.Release|x64.ActiveCfg = Release|Any CPU
		{4C0808C7-2AD9-4971-BFE2-0B3074B4850F}.Release|x64.Build.0 = Release|Any CPU
		{4C0808C7-2AD9-4971-BFE2-0B3074B4850F}.Release|x86.ActiveCfg = Release|Any CPU
		{4C0808C7-2AD9-4971-BFE2-0B3074B4850F}.Release|x86.Build.0 = Release|Any CPU
		{327AAF12-0818-4F47-A9B0-02D636AC1C20}.Debug|Any CPU.ActiveCfg = Debug|Any CPU
		{327AAF12-0818-4F47-A9B0-02D636AC1C20}.Debug|Any CPU.Build.0 = Debug|Any CPU
		{327AAF12-0818-4F47-A9B0-02D636AC1C20}.Debug|ARM.ActiveCfg = Debug|Any CPU
		{327AAF12-0818-4F47-A9B0-02D636AC1C20}.Debug|ARM.Build.0 = Debug|Any CPU
		{327AAF12-0818-4F47-A9B0-02D636AC1C20}.Debug|ARM64.ActiveCfg = Debug|Any CPU
		{327AAF12-0818-4F47-A9B0-02D636AC1C20}.Debug|ARM64.Build.0 = Debug|Any CPU
		{327AAF12-0818-4F47-A9B0-02D636AC1C20}.Debug|x64.ActiveCfg = Debug|Any CPU
		{327AAF12-0818-4F47-A9B0-02D636AC1C20}.Debug|x64.Build.0 = Debug|Any CPU
		{327AAF12-0818-4F47-A9B0-02D636AC1C20}.Debug|x86.ActiveCfg = Debug|Any CPU
		{327AAF12-0818-4F47-A9B0-02D636AC1C20}.Debug|x86.Build.0 = Debug|Any CPU
		{327AAF12-0818-4F47-A9B0-02D636AC1C20}.Release|Any CPU.ActiveCfg = Release|Any CPU
		{327AAF12-0818-4F47-A9B0-02D636AC1C20}.Release|Any CPU.Build.0 = Release|Any CPU
		{327AAF12-0818-4F47-A9B0-02D636AC1C20}.Release|ARM.ActiveCfg = Release|Any CPU
		{327AAF12-0818-4F47-A9B0-02D636AC1C20}.Release|ARM.Build.0 = Release|Any CPU
		{327AAF12-0818-4F47-A9B0-02D636AC1C20}.Release|ARM64.ActiveCfg = Release|Any CPU
		{327AAF12-0818-4F47-A9B0-02D636AC1C20}.Release|ARM64.Build.0 = Release|Any CPU
		{327AAF12-0818-4F47-A9B0-02D636AC1C20}.Release|x64.ActiveCfg = Release|Any CPU
		{327AAF12-0818-4F47-A9B0-02D636AC1C20}.Release|x64.Build.0 = Release|Any CPU
		{327AAF12-0818-4F47-A9B0-02D636AC1C20}.Release|x86.ActiveCfg = Release|Any CPU
		{327AAF12-0818-4F47-A9B0-02D636AC1C20}.Release|x86.Build.0 = Release|Any CPU
		{6839909F-3AEF-4880-BBD9-2F166C195A9A}.Debug|Any CPU.ActiveCfg = Debug|Any CPU
		{6839909F-3AEF-4880-BBD9-2F166C195A9A}.Debug|Any CPU.Build.0 = Debug|Any CPU
		{6839909F-3AEF-4880-BBD9-2F166C195A9A}.Debug|ARM.ActiveCfg = Debug|Any CPU
		{6839909F-3AEF-4880-BBD9-2F166C195A9A}.Debug|ARM.Build.0 = Debug|Any CPU
		{6839909F-3AEF-4880-BBD9-2F166C195A9A}.Debug|ARM64.ActiveCfg = Debug|Any CPU
		{6839909F-3AEF-4880-BBD9-2F166C195A9A}.Debug|ARM64.Build.0 = Debug|Any CPU
		{6839909F-3AEF-4880-BBD9-2F166C195A9A}.Debug|x64.ActiveCfg = Debug|Any CPU
		{6839909F-3AEF-4880-BBD9-2F166C195A9A}.Debug|x64.Build.0 = Debug|Any CPU
		{6839909F-3AEF-4880-BBD9-2F166C195A9A}.Debug|x86.ActiveCfg = Debug|Any CPU
		{6839909F-3AEF-4880-BBD9-2F166C195A9A}.Debug|x86.Build.0 = Debug|Any CPU
		{6839909F-3AEF-4880-BBD9-2F166C195A9A}.Release|Any CPU.ActiveCfg = Release|Any CPU
		{6839909F-3AEF-4880-BBD9-2F166C195A9A}.Release|Any CPU.Build.0 = Release|Any CPU
		{6839909F-3AEF-4880-BBD9-2F166C195A9A}.Release|ARM.ActiveCfg = Release|Any CPU
		{6839909F-3AEF-4880-BBD9-2F166C195A9A}.Release|ARM.Build.0 = Release|Any CPU
		{6839909F-3AEF-4880-BBD9-2F166C195A9A}.Release|ARM64.ActiveCfg = Release|Any CPU
		{6839909F-3AEF-4880-BBD9-2F166C195A9A}.Release|ARM64.Build.0 = Release|Any CPU
		{6839909F-3AEF-4880-BBD9-2F166C195A9A}.Release|x64.ActiveCfg = Release|Any CPU
		{6839909F-3AEF-4880-BBD9-2F166C195A9A}.Release|x64.Build.0 = Release|Any CPU
		{6839909F-3AEF-4880-BBD9-2F166C195A9A}.Release|x86.ActiveCfg = Release|Any CPU
		{6839909F-3AEF-4880-BBD9-2F166C195A9A}.Release|x86.Build.0 = Release|Any CPU
		{29119D0B-F066-43D7-906D-D9B4863461AC}.Debug|Any CPU.ActiveCfg = Debug|Any CPU
		{29119D0B-F066-43D7-906D-D9B4863461AC}.Debug|Any CPU.Build.0 = Debug|Any CPU
		{29119D0B-F066-43D7-906D-D9B4863461AC}.Debug|ARM.ActiveCfg = Debug|Any CPU
		{29119D0B-F066-43D7-906D-D9B4863461AC}.Debug|ARM.Build.0 = Debug|Any CPU
		{29119D0B-F066-43D7-906D-D9B4863461AC}.Debug|ARM64.ActiveCfg = Debug|Any CPU
		{29119D0B-F066-43D7-906D-D9B4863461AC}.Debug|ARM64.Build.0 = Debug|Any CPU
		{29119D0B-F066-43D7-906D-D9B4863461AC}.Debug|x64.ActiveCfg = Debug|Any CPU
		{29119D0B-F066-43D7-906D-D9B4863461AC}.Debug|x64.Build.0 = Debug|Any CPU
		{29119D0B-F066-43D7-906D-D9B4863461AC}.Debug|x86.ActiveCfg = Debug|Any CPU
		{29119D0B-F066-43D7-906D-D9B4863461AC}.Debug|x86.Build.0 = Debug|Any CPU
		{29119D0B-F066-43D7-906D-D9B4863461AC}.Release|Any CPU.ActiveCfg = Release|Any CPU
		{29119D0B-F066-43D7-906D-D9B4863461AC}.Release|Any CPU.Build.0 = Release|Any CPU
		{29119D0B-F066-43D7-906D-D9B4863461AC}.Release|ARM.ActiveCfg = Release|Any CPU
		{29119D0B-F066-43D7-906D-D9B4863461AC}.Release|ARM.Build.0 = Release|Any CPU
		{29119D0B-F066-43D7-906D-D9B4863461AC}.Release|ARM64.ActiveCfg = Release|Any CPU
		{29119D0B-F066-43D7-906D-D9B4863461AC}.Release|ARM64.Build.0 = Release|Any CPU
		{29119D0B-F066-43D7-906D-D9B4863461AC}.Release|x64.ActiveCfg = Release|Any CPU
		{29119D0B-F066-43D7-906D-D9B4863461AC}.Release|x64.Build.0 = Release|Any CPU
		{29119D0B-F066-43D7-906D-D9B4863461AC}.Release|x86.ActiveCfg = Release|Any CPU
		{29119D0B-F066-43D7-906D-D9B4863461AC}.Release|x86.Build.0 = Release|Any CPU
		{9BBDE75B-3782-4F39-8788-62566E51FFD8}.Debug|Any CPU.ActiveCfg = Debug|Any CPU
		{9BBDE75B-3782-4F39-8788-62566E51FFD8}.Debug|Any CPU.Build.0 = Debug|Any CPU
		{9BBDE75B-3782-4F39-8788-62566E51FFD8}.Debug|ARM.ActiveCfg = Debug|Any CPU
		{9BBDE75B-3782-4F39-8788-62566E51FFD8}.Debug|ARM.Build.0 = Debug|Any CPU
		{9BBDE75B-3782-4F39-8788-62566E51FFD8}.Debug|ARM64.ActiveCfg = Debug|Any CPU
		{9BBDE75B-3782-4F39-8788-62566E51FFD8}.Debug|ARM64.Build.0 = Debug|Any CPU
		{9BBDE75B-3782-4F39-8788-62566E51FFD8}.Debug|x64.ActiveCfg = Debug|Any CPU
		{9BBDE75B-3782-4F39-8788-62566E51FFD8}.Debug|x64.Build.0 = Debug|Any CPU
		{9BBDE75B-3782-4F39-8788-62566E51FFD8}.Debug|x86.ActiveCfg = Debug|Any CPU
		{9BBDE75B-3782-4F39-8788-62566E51FFD8}.Debug|x86.Build.0 = Debug|Any CPU
		{9BBDE75B-3782-4F39-8788-62566E51FFD8}.Release|Any CPU.ActiveCfg = Release|Any CPU
		{9BBDE75B-3782-4F39-8788-62566E51FFD8}.Release|Any CPU.Build.0 = Release|Any CPU
		{9BBDE75B-3782-4F39-8788-62566E51FFD8}.Release|ARM.ActiveCfg = Release|Any CPU
		{9BBDE75B-3782-4F39-8788-62566E51FFD8}.Release|ARM.Build.0 = Release|Any CPU
		{9BBDE75B-3782-4F39-8788-62566E51FFD8}.Release|ARM64.ActiveCfg = Release|Any CPU
		{9BBDE75B-3782-4F39-8788-62566E51FFD8}.Release|ARM64.Build.0 = Release|Any CPU
		{9BBDE75B-3782-4F39-8788-62566E51FFD8}.Release|x64.ActiveCfg = Release|Any CPU
		{9BBDE75B-3782-4F39-8788-62566E51FFD8}.Release|x64.Build.0 = Release|Any CPU
		{9BBDE75B-3782-4F39-8788-62566E51FFD8}.Release|x86.ActiveCfg = Release|Any CPU
		{9BBDE75B-3782-4F39-8788-62566E51FFD8}.Release|x86.Build.0 = Release|Any CPU
		{CAC978FF-C237-4815-A8B0-971B844C9EB0}.Debug|Any CPU.ActiveCfg = Debug|Any CPU
		{CAC978FF-C237-4815-A8B0-971B844C9EB0}.Debug|Any CPU.Build.0 = Debug|Any CPU
		{CAC978FF-C237-4815-A8B0-971B844C9EB0}.Debug|ARM.ActiveCfg = Debug|Any CPU
		{CAC978FF-C237-4815-A8B0-971B844C9EB0}.Debug|ARM.Build.0 = Debug|Any CPU
		{CAC978FF-C237-4815-A8B0-971B844C9EB0}.Debug|ARM64.ActiveCfg = Debug|Any CPU
		{CAC978FF-C237-4815-A8B0-971B844C9EB0}.Debug|ARM64.Build.0 = Debug|Any CPU
		{CAC978FF-C237-4815-A8B0-971B844C9EB0}.Debug|x64.ActiveCfg = Debug|Any CPU
		{CAC978FF-C237-4815-A8B0-971B844C9EB0}.Debug|x64.Build.0 = Debug|Any CPU
		{CAC978FF-C237-4815-A8B0-971B844C9EB0}.Debug|x86.ActiveCfg = Debug|Any CPU
		{CAC978FF-C237-4815-A8B0-971B844C9EB0}.Debug|x86.Build.0 = Debug|Any CPU
		{CAC978FF-C237-4815-A8B0-971B844C9EB0}.Release|Any CPU.ActiveCfg = Release|Any CPU
		{CAC978FF-C237-4815-A8B0-971B844C9EB0}.Release|Any CPU.Build.0 = Release|Any CPU
		{CAC978FF-C237-4815-A8B0-971B844C9EB0}.Release|ARM.ActiveCfg = Release|Any CPU
		{CAC978FF-C237-4815-A8B0-971B844C9EB0}.Release|ARM.Build.0 = Release|Any CPU
		{CAC978FF-C237-4815-A8B0-971B844C9EB0}.Release|ARM64.ActiveCfg = Release|Any CPU
		{CAC978FF-C237-4815-A8B0-971B844C9EB0}.Release|ARM64.Build.0 = Release|Any CPU
		{CAC978FF-C237-4815-A8B0-971B844C9EB0}.Release|x64.ActiveCfg = Release|Any CPU
		{CAC978FF-C237-4815-A8B0-971B844C9EB0}.Release|x64.Build.0 = Release|Any CPU
		{CAC978FF-C237-4815-A8B0-971B844C9EB0}.Release|x86.ActiveCfg = Release|Any CPU
		{CAC978FF-C237-4815-A8B0-971B844C9EB0}.Release|x86.Build.0 = Release|Any CPU
		{ED761EF7-CD9F-476D-968D-A42EF7896567}.Debug|Any CPU.ActiveCfg = Debug|x86
		{ED761EF7-CD9F-476D-968D-A42EF7896567}.Debug|ARM.ActiveCfg = Debug|ARM
		{ED761EF7-CD9F-476D-968D-A42EF7896567}.Debug|ARM.Build.0 = Debug|ARM
		{ED761EF7-CD9F-476D-968D-A42EF7896567}.Debug|ARM.Deploy.0 = Debug|ARM
		{ED761EF7-CD9F-476D-968D-A42EF7896567}.Debug|ARM64.ActiveCfg = Debug|ARM64
		{ED761EF7-CD9F-476D-968D-A42EF7896567}.Debug|ARM64.Build.0 = Debug|ARM64
		{ED761EF7-CD9F-476D-968D-A42EF7896567}.Debug|ARM64.Deploy.0 = Debug|ARM64
		{ED761EF7-CD9F-476D-968D-A42EF7896567}.Debug|x64.ActiveCfg = Debug|x64
		{ED761EF7-CD9F-476D-968D-A42EF7896567}.Debug|x64.Build.0 = Debug|x64
		{ED761EF7-CD9F-476D-968D-A42EF7896567}.Debug|x64.Deploy.0 = Debug|x64
		{ED761EF7-CD9F-476D-968D-A42EF7896567}.Debug|x86.ActiveCfg = Debug|x86
		{ED761EF7-CD9F-476D-968D-A42EF7896567}.Debug|x86.Build.0 = Debug|x86
		{ED761EF7-CD9F-476D-968D-A42EF7896567}.Debug|x86.Deploy.0 = Debug|x86
		{ED761EF7-CD9F-476D-968D-A42EF7896567}.Release|Any CPU.ActiveCfg = Release|x86
		{ED761EF7-CD9F-476D-968D-A42EF7896567}.Release|ARM.ActiveCfg = Release|ARM
		{ED761EF7-CD9F-476D-968D-A42EF7896567}.Release|ARM.Build.0 = Release|ARM
		{ED761EF7-CD9F-476D-968D-A42EF7896567}.Release|ARM.Deploy.0 = Release|ARM
		{ED761EF7-CD9F-476D-968D-A42EF7896567}.Release|ARM64.ActiveCfg = Release|ARM64
		{ED761EF7-CD9F-476D-968D-A42EF7896567}.Release|ARM64.Build.0 = Release|ARM64
		{ED761EF7-CD9F-476D-968D-A42EF7896567}.Release|ARM64.Deploy.0 = Release|ARM64
		{ED761EF7-CD9F-476D-968D-A42EF7896567}.Release|x64.ActiveCfg = Release|x64
		{ED761EF7-CD9F-476D-968D-A42EF7896567}.Release|x64.Build.0 = Release|x64
		{ED761EF7-CD9F-476D-968D-A42EF7896567}.Release|x64.Deploy.0 = Release|x64
		{ED761EF7-CD9F-476D-968D-A42EF7896567}.Release|x86.ActiveCfg = Release|x86
		{ED761EF7-CD9F-476D-968D-A42EF7896567}.Release|x86.Build.0 = Release|x86
		{ED761EF7-CD9F-476D-968D-A42EF7896567}.Release|x86.Deploy.0 = Release|x86
		{38C36A4B-D1B7-495F-B903-CE76AE05EFB1}.Debug|Any CPU.ActiveCfg = Debug|Any CPU
		{38C36A4B-D1B7-495F-B903-CE76AE05EFB1}.Debug|Any CPU.Build.0 = Debug|Any CPU
		{38C36A4B-D1B7-495F-B903-CE76AE05EFB1}.Debug|ARM.ActiveCfg = Debug|Any CPU
		{38C36A4B-D1B7-495F-B903-CE76AE05EFB1}.Debug|ARM.Build.0 = Debug|Any CPU
		{38C36A4B-D1B7-495F-B903-CE76AE05EFB1}.Debug|ARM64.ActiveCfg = Debug|Any CPU
		{38C36A4B-D1B7-495F-B903-CE76AE05EFB1}.Debug|ARM64.Build.0 = Debug|Any CPU
		{38C36A4B-D1B7-495F-B903-CE76AE05EFB1}.Debug|x64.ActiveCfg = Debug|Any CPU
		{38C36A4B-D1B7-495F-B903-CE76AE05EFB1}.Debug|x64.Build.0 = Debug|Any CPU
		{38C36A4B-D1B7-495F-B903-CE76AE05EFB1}.Debug|x86.ActiveCfg = Debug|Any CPU
		{38C36A4B-D1B7-495F-B903-CE76AE05EFB1}.Debug|x86.Build.0 = Debug|Any CPU
		{38C36A4B-D1B7-495F-B903-CE76AE05EFB1}.Release|Any CPU.ActiveCfg = Release|Any CPU
		{38C36A4B-D1B7-495F-B903-CE76AE05EFB1}.Release|Any CPU.Build.0 = Release|Any CPU
		{38C36A4B-D1B7-495F-B903-CE76AE05EFB1}.Release|ARM.ActiveCfg = Release|Any CPU
		{38C36A4B-D1B7-495F-B903-CE76AE05EFB1}.Release|ARM.Build.0 = Release|Any CPU
		{38C36A4B-D1B7-495F-B903-CE76AE05EFB1}.Release|ARM64.ActiveCfg = Release|Any CPU
		{38C36A4B-D1B7-495F-B903-CE76AE05EFB1}.Release|ARM64.Build.0 = Release|Any CPU
		{38C36A4B-D1B7-495F-B903-CE76AE05EFB1}.Release|x64.ActiveCfg = Release|Any CPU
		{38C36A4B-D1B7-495F-B903-CE76AE05EFB1}.Release|x64.Build.0 = Release|Any CPU
		{38C36A4B-D1B7-495F-B903-CE76AE05EFB1}.Release|x86.ActiveCfg = Release|Any CPU
		{38C36A4B-D1B7-495F-B903-CE76AE05EFB1}.Release|x86.Build.0 = Release|Any CPU
		{38A3BA54-676A-478F-B597-7DB13E5979FA}.Debug|Any CPU.ActiveCfg = Debug|Any CPU
		{38A3BA54-676A-478F-B597-7DB13E5979FA}.Debug|Any CPU.Build.0 = Debug|Any CPU
		{38A3BA54-676A-478F-B597-7DB13E5979FA}.Debug|ARM.ActiveCfg = Debug|Any CPU
		{38A3BA54-676A-478F-B597-7DB13E5979FA}.Debug|ARM.Build.0 = Debug|Any CPU
		{38A3BA54-676A-478F-B597-7DB13E5979FA}.Debug|ARM64.ActiveCfg = Debug|Any CPU
		{38A3BA54-676A-478F-B597-7DB13E5979FA}.Debug|ARM64.Build.0 = Debug|Any CPU
		{38A3BA54-676A-478F-B597-7DB13E5979FA}.Debug|x64.ActiveCfg = Debug|Any CPU
		{38A3BA54-676A-478F-B597-7DB13E5979FA}.Debug|x64.Build.0 = Debug|Any CPU
		{38A3BA54-676A-478F-B597-7DB13E5979FA}.Debug|x86.ActiveCfg = Debug|Any CPU
		{38A3BA54-676A-478F-B597-7DB13E5979FA}.Debug|x86.Build.0 = Debug|Any CPU
		{38A3BA54-676A-478F-B597-7DB13E5979FA}.Release|Any CPU.ActiveCfg = Release|Any CPU
		{38A3BA54-676A-478F-B597-7DB13E5979FA}.Release|Any CPU.Build.0 = Release|Any CPU
		{38A3BA54-676A-478F-B597-7DB13E5979FA}.Release|ARM.ActiveCfg = Release|Any CPU
		{38A3BA54-676A-478F-B597-7DB13E5979FA}.Release|ARM.Build.0 = Release|Any CPU
		{38A3BA54-676A-478F-B597-7DB13E5979FA}.Release|ARM64.ActiveCfg = Release|Any CPU
		{38A3BA54-676A-478F-B597-7DB13E5979FA}.Release|ARM64.Build.0 = Release|Any CPU
		{38A3BA54-676A-478F-B597-7DB13E5979FA}.Release|x64.ActiveCfg = Release|Any CPU
		{38A3BA54-676A-478F-B597-7DB13E5979FA}.Release|x64.Build.0 = Release|Any CPU
		{38A3BA54-676A-478F-B597-7DB13E5979FA}.Release|x86.ActiveCfg = Release|Any CPU
		{38A3BA54-676A-478F-B597-7DB13E5979FA}.Release|x86.Build.0 = Release|Any CPU
		{E9D18F25-B1D5-475D-BBF5-D1881BAB10AA}.Debug|Any CPU.ActiveCfg = Debug|Any CPU
		{E9D18F25-B1D5-475D-BBF5-D1881BAB10AA}.Debug|Any CPU.Build.0 = Debug|Any CPU
		{E9D18F25-B1D5-475D-BBF5-D1881BAB10AA}.Debug|ARM.ActiveCfg = Debug|Any CPU
		{E9D18F25-B1D5-475D-BBF5-D1881BAB10AA}.Debug|ARM.Build.0 = Debug|Any CPU
		{E9D18F25-B1D5-475D-BBF5-D1881BAB10AA}.Debug|ARM64.ActiveCfg = Debug|Any CPU
		{E9D18F25-B1D5-475D-BBF5-D1881BAB10AA}.Debug|ARM64.Build.0 = Debug|Any CPU
		{E9D18F25-B1D5-475D-BBF5-D1881BAB10AA}.Debug|x64.ActiveCfg = Debug|Any CPU
		{E9D18F25-B1D5-475D-BBF5-D1881BAB10AA}.Debug|x64.Build.0 = Debug|Any CPU
		{E9D18F25-B1D5-475D-BBF5-D1881BAB10AA}.Debug|x86.ActiveCfg = Debug|Any CPU
		{E9D18F25-B1D5-475D-BBF5-D1881BAB10AA}.Debug|x86.Build.0 = Debug|Any CPU
		{E9D18F25-B1D5-475D-BBF5-D1881BAB10AA}.Release|Any CPU.ActiveCfg = Release|Any CPU
		{E9D18F25-B1D5-475D-BBF5-D1881BAB10AA}.Release|Any CPU.Build.0 = Release|Any CPU
		{E9D18F25-B1D5-475D-BBF5-D1881BAB10AA}.Release|ARM.ActiveCfg = Release|Any CPU
		{E9D18F25-B1D5-475D-BBF5-D1881BAB10AA}.Release|ARM.Build.0 = Release|Any CPU
		{E9D18F25-B1D5-475D-BBF5-D1881BAB10AA}.Release|ARM64.ActiveCfg = Release|Any CPU
		{E9D18F25-B1D5-475D-BBF5-D1881BAB10AA}.Release|ARM64.Build.0 = Release|Any CPU
		{E9D18F25-B1D5-475D-BBF5-D1881BAB10AA}.Release|x64.ActiveCfg = Release|Any CPU
		{E9D18F25-B1D5-475D-BBF5-D1881BAB10AA}.Release|x64.Build.0 = Release|Any CPU
		{E9D18F25-B1D5-475D-BBF5-D1881BAB10AA}.Release|x86.ActiveCfg = Release|Any CPU
		{E9D18F25-B1D5-475D-BBF5-D1881BAB10AA}.Release|x86.Build.0 = Release|Any CPU
		{E36ED5D8-4187-4CF3-9CEE-6D0C9BA10D2F}.Debug|Any CPU.ActiveCfg = Debug|Any CPU
		{E36ED5D8-4187-4CF3-9CEE-6D0C9BA10D2F}.Debug|Any CPU.Build.0 = Debug|Any CPU
		{E36ED5D8-4187-4CF3-9CEE-6D0C9BA10D2F}.Debug|ARM.ActiveCfg = Debug|Any CPU
		{E36ED5D8-4187-4CF3-9CEE-6D0C9BA10D2F}.Debug|ARM.Build.0 = Debug|Any CPU
		{E36ED5D8-4187-4CF3-9CEE-6D0C9BA10D2F}.Debug|ARM64.ActiveCfg = Debug|Any CPU
		{E36ED5D8-4187-4CF3-9CEE-6D0C9BA10D2F}.Debug|ARM64.Build.0 = Debug|Any CPU
		{E36ED5D8-4187-4CF3-9CEE-6D0C9BA10D2F}.Debug|x64.ActiveCfg = Debug|Any CPU
		{E36ED5D8-4187-4CF3-9CEE-6D0C9BA10D2F}.Debug|x64.Build.0 = Debug|Any CPU
		{E36ED5D8-4187-4CF3-9CEE-6D0C9BA10D2F}.Debug|x86.ActiveCfg = Debug|Any CPU
		{E36ED5D8-4187-4CF3-9CEE-6D0C9BA10D2F}.Debug|x86.Build.0 = Debug|Any CPU
		{E36ED5D8-4187-4CF3-9CEE-6D0C9BA10D2F}.Release|Any CPU.ActiveCfg = Release|Any CPU
		{E36ED5D8-4187-4CF3-9CEE-6D0C9BA10D2F}.Release|Any CPU.Build.0 = Release|Any CPU
		{E36ED5D8-4187-4CF3-9CEE-6D0C9BA10D2F}.Release|ARM.ActiveCfg = Release|Any CPU
		{E36ED5D8-4187-4CF3-9CEE-6D0C9BA10D2F}.Release|ARM.Build.0 = Release|Any CPU
		{E36ED5D8-4187-4CF3-9CEE-6D0C9BA10D2F}.Release|ARM64.ActiveCfg = Release|Any CPU
		{E36ED5D8-4187-4CF3-9CEE-6D0C9BA10D2F}.Release|ARM64.Build.0 = Release|Any CPU
		{E36ED5D8-4187-4CF3-9CEE-6D0C9BA10D2F}.Release|x64.ActiveCfg = Release|Any CPU
		{E36ED5D8-4187-4CF3-9CEE-6D0C9BA10D2F}.Release|x64.Build.0 = Release|Any CPU
		{E36ED5D8-4187-4CF3-9CEE-6D0C9BA10D2F}.Release|x86.ActiveCfg = Release|Any CPU
		{E36ED5D8-4187-4CF3-9CEE-6D0C9BA10D2F}.Release|x86.Build.0 = Release|Any CPU
		{F11B67C9-16D1-42AB-8E9C-B5D845ADC3D8}.Debug|Any CPU.ActiveCfg = Debug|Any CPU
		{F11B67C9-16D1-42AB-8E9C-B5D845ADC3D8}.Debug|Any CPU.Build.0 = Debug|Any CPU
		{F11B67C9-16D1-42AB-8E9C-B5D845ADC3D8}.Debug|ARM.ActiveCfg = Debug|Any CPU
		{F11B67C9-16D1-42AB-8E9C-B5D845ADC3D8}.Debug|ARM.Build.0 = Debug|Any CPU
		{F11B67C9-16D1-42AB-8E9C-B5D845ADC3D8}.Debug|ARM64.ActiveCfg = Debug|Any CPU
		{F11B67C9-16D1-42AB-8E9C-B5D845ADC3D8}.Debug|ARM64.Build.0 = Debug|Any CPU
		{F11B67C9-16D1-42AB-8E9C-B5D845ADC3D8}.Debug|x64.ActiveCfg = Debug|Any CPU
		{F11B67C9-16D1-42AB-8E9C-B5D845ADC3D8}.Debug|x64.Build.0 = Debug|Any CPU
		{F11B67C9-16D1-42AB-8E9C-B5D845ADC3D8}.Debug|x86.ActiveCfg = Debug|Any CPU
		{F11B67C9-16D1-42AB-8E9C-B5D845ADC3D8}.Debug|x86.Build.0 = Debug|Any CPU
		{F11B67C9-16D1-42AB-8E9C-B5D845ADC3D8}.Release|Any CPU.ActiveCfg = Release|Any CPU
		{F11B67C9-16D1-42AB-8E9C-B5D845ADC3D8}.Release|Any CPU.Build.0 = Release|Any CPU
		{F11B67C9-16D1-42AB-8E9C-B5D845ADC3D8}.Release|ARM.ActiveCfg = Release|Any CPU
		{F11B67C9-16D1-42AB-8E9C-B5D845ADC3D8}.Release|ARM.Build.0 = Release|Any CPU
		{F11B67C9-16D1-42AB-8E9C-B5D845ADC3D8}.Release|ARM64.ActiveCfg = Release|Any CPU
		{F11B67C9-16D1-42AB-8E9C-B5D845ADC3D8}.Release|ARM64.Build.0 = Release|Any CPU
		{F11B67C9-16D1-42AB-8E9C-B5D845ADC3D8}.Release|x64.ActiveCfg = Release|Any CPU
		{F11B67C9-16D1-42AB-8E9C-B5D845ADC3D8}.Release|x64.Build.0 = Release|Any CPU
		{F11B67C9-16D1-42AB-8E9C-B5D845ADC3D8}.Release|x86.ActiveCfg = Release|Any CPU
		{F11B67C9-16D1-42AB-8E9C-B5D845ADC3D8}.Release|x86.Build.0 = Release|Any CPU
		{5F1F4DE9-5CF8-4D15-A56E-4048ADA69F00}.Debug|Any CPU.ActiveCfg = Debug|Any CPU
		{5F1F4DE9-5CF8-4D15-A56E-4048ADA69F00}.Debug|Any CPU.Build.0 = Debug|Any CPU
		{5F1F4DE9-5CF8-4D15-A56E-4048ADA69F00}.Debug|ARM.ActiveCfg = Debug|Any CPU
		{5F1F4DE9-5CF8-4D15-A56E-4048ADA69F00}.Debug|ARM.Build.0 = Debug|Any CPU
		{5F1F4DE9-5CF8-4D15-A56E-4048ADA69F00}.Debug|ARM64.ActiveCfg = Debug|Any CPU
		{5F1F4DE9-5CF8-4D15-A56E-4048ADA69F00}.Debug|ARM64.Build.0 = Debug|Any CPU
		{5F1F4DE9-5CF8-4D15-A56E-4048ADA69F00}.Debug|x64.ActiveCfg = Debug|Any CPU
		{5F1F4DE9-5CF8-4D15-A56E-4048ADA69F00}.Debug|x64.Build.0 = Debug|Any CPU
		{5F1F4DE9-5CF8-4D15-A56E-4048ADA69F00}.Debug|x86.ActiveCfg = Debug|Any CPU
		{5F1F4DE9-5CF8-4D15-A56E-4048ADA69F00}.Debug|x86.Build.0 = Debug|Any CPU
		{5F1F4DE9-5CF8-4D15-A56E-4048ADA69F00}.Release|Any CPU.ActiveCfg = Release|Any CPU
		{5F1F4DE9-5CF8-4D15-A56E-4048ADA69F00}.Release|Any CPU.Build.0 = Release|Any CPU
		{5F1F4DE9-5CF8-4D15-A56E-4048ADA69F00}.Release|ARM.ActiveCfg = Release|Any CPU
		{5F1F4DE9-5CF8-4D15-A56E-4048ADA69F00}.Release|ARM.Build.0 = Release|Any CPU
		{5F1F4DE9-5CF8-4D15-A56E-4048ADA69F00}.Release|ARM64.ActiveCfg = Release|Any CPU
		{5F1F4DE9-5CF8-4D15-A56E-4048ADA69F00}.Release|ARM64.Build.0 = Release|Any CPU
		{5F1F4DE9-5CF8-4D15-A56E-4048ADA69F00}.Release|x64.ActiveCfg = Release|Any CPU
		{5F1F4DE9-5CF8-4D15-A56E-4048ADA69F00}.Release|x64.Build.0 = Release|Any CPU
		{5F1F4DE9-5CF8-4D15-A56E-4048ADA69F00}.Release|x86.ActiveCfg = Release|Any CPU
		{5F1F4DE9-5CF8-4D15-A56E-4048ADA69F00}.Release|x86.Build.0 = Release|Any CPU
		{310F5E00-5262-49BB-9D1E-7F8F2816BC13}.Debug|Any CPU.ActiveCfg = Debug|Any CPU
		{310F5E00-5262-49BB-9D1E-7F8F2816BC13}.Debug|Any CPU.Build.0 = Debug|Any CPU
		{310F5E00-5262-49BB-9D1E-7F8F2816BC13}.Debug|ARM.ActiveCfg = Debug|Any CPU
		{310F5E00-5262-49BB-9D1E-7F8F2816BC13}.Debug|ARM.Build.0 = Debug|Any CPU
		{310F5E00-5262-49BB-9D1E-7F8F2816BC13}.Debug|ARM64.ActiveCfg = Debug|Any CPU
		{310F5E00-5262-49BB-9D1E-7F8F2816BC13}.Debug|ARM64.Build.0 = Debug|Any CPU
		{310F5E00-5262-49BB-9D1E-7F8F2816BC13}.Debug|x64.ActiveCfg = Debug|Any CPU
		{310F5E00-5262-49BB-9D1E-7F8F2816BC13}.Debug|x64.Build.0 = Debug|Any CPU
		{310F5E00-5262-49BB-9D1E-7F8F2816BC13}.Debug|x86.ActiveCfg = Debug|Any CPU
		{310F5E00-5262-49BB-9D1E-7F8F2816BC13}.Debug|x86.Build.0 = Debug|Any CPU
		{310F5E00-5262-49BB-9D1E-7F8F2816BC13}.Release|Any CPU.ActiveCfg = Release|Any CPU
		{310F5E00-5262-49BB-9D1E-7F8F2816BC13}.Release|Any CPU.Build.0 = Release|Any CPU
		{310F5E00-5262-49BB-9D1E-7F8F2816BC13}.Release|ARM.ActiveCfg = Release|Any CPU
		{310F5E00-5262-49BB-9D1E-7F8F2816BC13}.Release|ARM.Build.0 = Release|Any CPU
		{310F5E00-5262-49BB-9D1E-7F8F2816BC13}.Release|ARM64.ActiveCfg = Release|Any CPU
		{310F5E00-5262-49BB-9D1E-7F8F2816BC13}.Release|ARM64.Build.0 = Release|Any CPU
		{310F5E00-5262-49BB-9D1E-7F8F2816BC13}.Release|x64.ActiveCfg = Release|Any CPU
		{310F5E00-5262-49BB-9D1E-7F8F2816BC13}.Release|x64.Build.0 = Release|Any CPU
		{310F5E00-5262-49BB-9D1E-7F8F2816BC13}.Release|x86.ActiveCfg = Release|Any CPU
		{310F5E00-5262-49BB-9D1E-7F8F2816BC13}.Release|x86.Build.0 = Release|Any CPU
		{F7926128-AE41-42D9-B462-B9982BAF9C51}.Debug|Any CPU.ActiveCfg = Debug|Any CPU
		{F7926128-AE41-42D9-B462-B9982BAF9C51}.Debug|Any CPU.Build.0 = Debug|Any CPU
		{F7926128-AE41-42D9-B462-B9982BAF9C51}.Debug|ARM.ActiveCfg = Debug|Any CPU
		{F7926128-AE41-42D9-B462-B9982BAF9C51}.Debug|ARM.Build.0 = Debug|Any CPU
		{F7926128-AE41-42D9-B462-B9982BAF9C51}.Debug|ARM64.ActiveCfg = Debug|Any CPU
		{F7926128-AE41-42D9-B462-B9982BAF9C51}.Debug|ARM64.Build.0 = Debug|Any CPU
		{F7926128-AE41-42D9-B462-B9982BAF9C51}.Debug|x64.ActiveCfg = Debug|Any CPU
		{F7926128-AE41-42D9-B462-B9982BAF9C51}.Debug|x64.Build.0 = Debug|Any CPU
		{F7926128-AE41-42D9-B462-B9982BAF9C51}.Debug|x86.ActiveCfg = Debug|Any CPU
		{F7926128-AE41-42D9-B462-B9982BAF9C51}.Debug|x86.Build.0 = Debug|Any CPU
		{F7926128-AE41-42D9-B462-B9982BAF9C51}.Release|Any CPU.ActiveCfg = Release|Any CPU
		{F7926128-AE41-42D9-B462-B9982BAF9C51}.Release|Any CPU.Build.0 = Release|Any CPU
		{F7926128-AE41-42D9-B462-B9982BAF9C51}.Release|ARM.ActiveCfg = Release|Any CPU
		{F7926128-AE41-42D9-B462-B9982BAF9C51}.Release|ARM.Build.0 = Release|Any CPU
		{F7926128-AE41-42D9-B462-B9982BAF9C51}.Release|ARM64.ActiveCfg = Release|Any CPU
		{F7926128-AE41-42D9-B462-B9982BAF9C51}.Release|ARM64.Build.0 = Release|Any CPU
		{F7926128-AE41-42D9-B462-B9982BAF9C51}.Release|x64.ActiveCfg = Release|Any CPU
		{F7926128-AE41-42D9-B462-B9982BAF9C51}.Release|x64.Build.0 = Release|Any CPU
		{F7926128-AE41-42D9-B462-B9982BAF9C51}.Release|x86.ActiveCfg = Release|Any CPU
		{F7926128-AE41-42D9-B462-B9982BAF9C51}.Release|x86.Build.0 = Release|Any CPU
		{4C02F73D-8391-4CB6-88D7-24FF284BB7DA}.Debug|Any CPU.ActiveCfg = Debug|Any CPU
		{4C02F73D-8391-4CB6-88D7-24FF284BB7DA}.Debug|Any CPU.Build.0 = Debug|Any CPU
		{4C02F73D-8391-4CB6-88D7-24FF284BB7DA}.Debug|ARM.ActiveCfg = Debug|Any CPU
		{4C02F73D-8391-4CB6-88D7-24FF284BB7DA}.Debug|ARM.Build.0 = Debug|Any CPU
		{4C02F73D-8391-4CB6-88D7-24FF284BB7DA}.Debug|ARM64.ActiveCfg = Debug|Any CPU
		{4C02F73D-8391-4CB6-88D7-24FF284BB7DA}.Debug|ARM64.Build.0 = Debug|Any CPU
		{4C02F73D-8391-4CB6-88D7-24FF284BB7DA}.Debug|x64.ActiveCfg = Debug|Any CPU
		{4C02F73D-8391-4CB6-88D7-24FF284BB7DA}.Debug|x64.Build.0 = Debug|Any CPU
		{4C02F73D-8391-4CB6-88D7-24FF284BB7DA}.Debug|x86.ActiveCfg = Debug|Any CPU
		{4C02F73D-8391-4CB6-88D7-24FF284BB7DA}.Debug|x86.Build.0 = Debug|Any CPU
		{4C02F73D-8391-4CB6-88D7-24FF284BB7DA}.Release|Any CPU.ActiveCfg = Release|Any CPU
		{4C02F73D-8391-4CB6-88D7-24FF284BB7DA}.Release|Any CPU.Build.0 = Release|Any CPU
		{4C02F73D-8391-4CB6-88D7-24FF284BB7DA}.Release|ARM.ActiveCfg = Release|Any CPU
		{4C02F73D-8391-4CB6-88D7-24FF284BB7DA}.Release|ARM.Build.0 = Release|Any CPU
		{4C02F73D-8391-4CB6-88D7-24FF284BB7DA}.Release|ARM64.ActiveCfg = Release|Any CPU
		{4C02F73D-8391-4CB6-88D7-24FF284BB7DA}.Release|ARM64.Build.0 = Release|Any CPU
		{4C02F73D-8391-4CB6-88D7-24FF284BB7DA}.Release|x64.ActiveCfg = Release|Any CPU
		{4C02F73D-8391-4CB6-88D7-24FF284BB7DA}.Release|x64.Build.0 = Release|Any CPU
		{4C02F73D-8391-4CB6-88D7-24FF284BB7DA}.Release|x86.ActiveCfg = Release|Any CPU
		{4C02F73D-8391-4CB6-88D7-24FF284BB7DA}.Release|x86.Build.0 = Release|Any CPU
	EndGlobalSection
	GlobalSection(SolutionProperties) = preSolution
		HideSolutionNode = FALSE
	EndGlobalSection
	GlobalSection(NestedProjects) = preSolution
		{3E128D08-9BFC-4359-9A2D-55E959DE2327} = {81C25810-BA7F-4DA8-8671-9C53CB89244C}
		{B281D074-4F58-4CFB-9B01-3C32571B4ED4} = {81C25810-BA7F-4DA8-8671-9C53CB89244C}
		{93490B51-EFE0-43F7-AC92-19FA15F3FBAF} = {81C25810-BA7F-4DA8-8671-9C53CB89244C}
		{75172250-D39D-4A68-84A9-C03D09ECF712} = {81C25810-BA7F-4DA8-8671-9C53CB89244C}
		{A53BC872-F7C8-43E0-B3F7-02F7FEF1BD5E} = {81C25810-BA7F-4DA8-8671-9C53CB89244C}
		{0645DFA5-2DE1-44A4-AA5C-4FD7C33BAD3D} = {98B4B0ED-D60F-4D64-B4E5-02464BBB882D}
		{4C0808C7-2AD9-4971-BFE2-0B3074B4850F} = {98B4B0ED-D60F-4D64-B4E5-02464BBB882D}
		{327AAF12-0818-4F47-A9B0-02D636AC1C20} = {AA959C0B-D609-47FC-B223-ABCF3E164A33}
		{6839909F-3AEF-4880-BBD9-2F166C195A9A} = {AA959C0B-D609-47FC-B223-ABCF3E164A33}
		{29119D0B-F066-43D7-906D-D9B4863461AC} = {074E2979-8A4D-4BCC-A96C-EB3C6E427D74}
		{9BBDE75B-3782-4F39-8788-62566E51FFD8} = {074E2979-8A4D-4BCC-A96C-EB3C6E427D74}
		{CAC978FF-C237-4815-A8B0-971B844C9EB0} = {074E2979-8A4D-4BCC-A96C-EB3C6E427D74}
		{ED761EF7-CD9F-476D-968D-A42EF7896567} = {15761C78-C89A-4A96-B3EC-4DAE3326EA0D}
		{38C36A4B-D1B7-495F-B903-CE76AE05EFB1} = {15761C78-C89A-4A96-B3EC-4DAE3326EA0D}
		{38A3BA54-676A-478F-B597-7DB13E5979FA} = {074E2979-8A4D-4BCC-A96C-EB3C6E427D74}
		{E9D18F25-B1D5-475D-BBF5-D1881BAB10AA} = {074E2979-8A4D-4BCC-A96C-EB3C6E427D74}
		{E36ED5D8-4187-4CF3-9CEE-6D0C9BA10D2F} = {074E2979-8A4D-4BCC-A96C-EB3C6E427D74}
		{F11B67C9-16D1-42AB-8E9C-B5D845ADC3D8} = {074E2979-8A4D-4BCC-A96C-EB3C6E427D74}
		{5F1F4DE9-5CF8-4D15-A56E-4048ADA69F00} = {81C25810-BA7F-4DA8-8671-9C53CB89244C}
		{310F5E00-5262-49BB-9D1E-7F8F2816BC13} = {1B543197-9E43-4B35-8EF6-CA3B6F49E0E9}
		{F7926128-AE41-42D9-B462-B9982BAF9C51} = {1B543197-9E43-4B35-8EF6-CA3B6F49E0E9}
		{4C02F73D-8391-4CB6-88D7-24FF284BB7DA} = {1B543197-9E43-4B35-8EF6-CA3B6F49E0E9}
	EndGlobalSection
	GlobalSection(ExtensibilityGlobals) = postSolution
		SolutionGuid = {4A5326C4-49CF-4315-8D43-E794E0E8BC32}
	EndGlobalSection
EndGlobal
