
Microsoft Visual Studio Solution File, Format Version 12.00
# Visual Studio Version 16
VisualStudioVersion = 16.0.29613.14
MinimumVisualStudioVersion = 10.0.40219.1
Project("{2150E333-8FDC-42A3-9474-1A3956D46DE8}") = "Basic", "Basic", "{81C25810-BA7F-4DA8-8671-9C53CB89244C}"
EndProject
Project("{2150E333-8FDC-42A3-9474-1A3956D46DE8}") = "Configuration", "Configuration", "{98B4B0ED-D60F-4D64-B4E5-02464BBB882D}"
EndProject
Project("{9A19103F-16F7-4668-BE54-9A1E7A4F7556}") = "CS_Server", "sdk\cs\Server\CS_Server.csproj", "{F98B0C0D-CEFD-412E-A79B-B34E66CF34E9}"
EndProject
Project("{778DAE3C-4631-46EA-AA77-85C1314464D9}") = "VB_Server", "sdk\vb\Server\VB_Server.vbproj", "{E37E8B26-CE43-4211-ADED-C40B9412DC4D}"
EndProject
Project("{9A19103F-16F7-4668-BE54-9A1E7A4F7556}") = "CS_Server.ConfiguredViaCode", "sdk\cs\Server.ConfiguredViaCode\CS_Server.ConfiguredViaCode.csproj", "{75D789E5-BDA5-41F8-847F-1B11C8C3BF07}"
EndProject
Project("{9A19103F-16F7-4668-BE54-9A1E7A4F7556}") = "CS_Server.ConfiguredViaXml", "sdk\cs\Server.ConfiguredViaXml\CS_Server.ConfiguredViaXml.csproj", "{FEDA8EC3-F9C2-4D88-91B1-54A47B9AF4A6}"
EndProject
Project("{778DAE3C-4631-46EA-AA77-85C1314464D9}") = "VB_Server.ConfiguredViaCode", "sdk\vb\Server.ConfiguredViaCode\VB_Server.ConfiguredViaCode.vbproj", "{298FBEAC-9522-44F1-9772-5916C55D125B}"
EndProject
Project("{778DAE3C-4631-46EA-AA77-85C1314464D9}") = "VB_Server.ConfiguredViaXml", "sdk\vb\Server.ConfiguredViaXml\VB_Server.ConfiguredViaXml.vbproj", "{DE6B8A7B-1970-43D0-9EE5-FD580A4B8CA4}"
EndProject
Project("{9A19103F-16F7-4668-BE54-9A1E7A4F7556}") = "CS_Server.Authentication", "sdk\cs\Server.Authentication\CS_Server.Authentication.csproj", "{D6DFAAA2-6169-4ED8-AE25-C0F6987EEF3A}"
EndProject
Project("{778DAE3C-4631-46EA-AA77-85C1314464D9}") = "VB_Server.Authentication", "sdk\vb\Server.Authentication\VB_Server.Authentication.vbproj", "{D04E86D0-BADB-453C-9142-FD63B8716FD7}"
EndProject
Project("{9A19103F-16F7-4668-BE54-9A1E7A4F7556}") = "CS_Server.HDA", "sdk\cs\Server.HDA\CS_Server.HDA.csproj", "{10021378-4DB2-406F-948B-DC7E6EDB6CF9}"
EndProject
Project("{778DAE3C-4631-46EA-AA77-85C1314464D9}") = "VB_Server.HDA", "sdk\vb\Server.HDA\VB_Server.HDA.vbproj", "{40DE1A66-0883-425D-862F-6DCD721F6B29}"
EndProject
Project("{2150E333-8FDC-42A3-9474-1A3956D46DE8}") = "Nodes", "Nodes", "{AA959C0B-D609-47FC-B223-ABCF3E164A33}"
EndProject
Project("{9A19103F-16F7-4668-BE54-9A1E7A4F7556}") = "CS_Server.AnalogItemNode", "sdk\cs\Server.AnalogItemNode\CS_Server.AnalogItemNode.csproj", "{E62E85E0-73D8-45A5-9B60-93DFEA69BCCF}"
EndProject
Project("{778DAE3C-4631-46EA-AA77-85C1314464D9}") = "VB_Server.AnalogItemNode", "sdk\vb\Server.AnalogItemNode\VB_Server.AnalogItemNode.vbproj", "{281F1446-EA1A-41A5-95AB-B8EC083DEDE9}"
EndProject
Project("{9A19103F-16F7-4668-BE54-9A1E7A4F7556}") = "CS_Server.DataTypeNode", "sdk\cs\Server.DataTypeNode\CS_Server.DataTypeNode.csproj", "{6A4BC310-AAF7-41A7-9CCF-E4AB4ACEF664}"
EndProject
Project("{778DAE3C-4631-46EA-AA77-85C1314464D9}") = "VB_Server.DataTypeNode", "sdk\vb\Server.DataTypeNode\VB_Server.DataTypeNode.vbproj", "{863AEAEC-BCD3-4419-9F31-13F95C497339}"
EndProject
Project("{9A19103F-16F7-4668-BE54-9A1E7A4F7556}") = "CS_Server.AE", "sdk\cs\Server.AE\CS_Server.AE.csproj", "{3A20274D-C030-4D99-AA28-798A39313F0D}"
EndProject
Project("{778DAE3C-4631-46EA-AA77-85C1314464D9}") = "VB_Server.AE", "sdk\vb\Server.AE\VB_Server.AE.vbproj", "{474FCB25-1D05-45D6-B522-37015621DEEE}"
EndProject
Project("{2150E333-8FDC-42A3-9474-1A3956D46DE8}") = "SDK", "SDK", "{32E3AB6B-47CD-48C5-897B-DA1562DDCFD5}"
EndProject
Project("{2150E333-8FDC-42A3-9474-1A3956D46DE8}") = "Spikes", "Spikes", "{045F797D-F08B-4F34-A223-10D101277AFE}"
EndProject
Project("{9A19103F-16F7-4668-BE54-9A1E7A4F7556}") = "CS_Server.Spike.NodeAccess", "spikes\cs\Server.Spike.NodeAccess\CS_Server.Spike.NodeAccess.csproj", "{7B91EB57-E54D-47EF-B214-DF36CD6AA219}"
EndProject
Global
	GlobalSection(SolutionConfigurationPlatforms) = preSolution
		Debug|Any CPU = Debug|Any CPU
		Release|Any CPU = Release|Any CPU
	EndGlobalSection
	GlobalSection(ProjectConfigurationPlatforms) = postSolution
		{F98B0C0D-CEFD-412E-A79B-B34E66CF34E9}.Debug|Any CPU.ActiveCfg = Debug|Any CPU
		{F98B0C0D-CEFD-412E-A79B-B34E66CF34E9}.Debug|Any CPU.Build.0 = Debug|Any CPU
		{F98B0C0D-CEFD-412E-A79B-B34E66CF34E9}.Release|Any CPU.ActiveCfg = Release|Any CPU
		{F98B0C0D-CEFD-412E-A79B-B34E66CF34E9}.Release|Any CPU.Build.0 = Release|Any CPU
		{E37E8B26-CE43-4211-ADED-C40B9412DC4D}.Debug|Any CPU.ActiveCfg = Debug|Any CPU
		{E37E8B26-CE43-4211-ADED-C40B9412DC4D}.Debug|Any CPU.Build.0 = Debug|Any CPU
		{E37E8B26-CE43-4211-ADED-C40B9412DC4D}.Release|Any CPU.ActiveCfg = Release|Any CPU
		{E37E8B26-CE43-4211-ADED-C40B9412DC4D}.Release|Any CPU.Build.0 = Release|Any CPU
		{75D789E5-BDA5-41F8-847F-1B11C8C3BF07}.Debug|Any CPU.ActiveCfg = Debug|Any CPU
		{75D789E5-BDA5-41F8-847F-1B11C8C3BF07}.Debug|Any CPU.Build.0 = Debug|Any CPU
		{75D789E5-BDA5-41F8-847F-1B11C8C3BF07}.Release|Any CPU.ActiveCfg = Release|Any CPU
		{75D789E5-BDA5-41F8-847F-1B11C8C3BF07}.Release|Any CPU.Build.0 = Release|Any CPU
		{FEDA8EC3-F9C2-4D88-91B1-54A47B9AF4A6}.Debug|Any CPU.ActiveCfg = Debug|Any CPU
		{FEDA8EC3-F9C2-4D88-91B1-54A47B9AF4A6}.Debug|Any CPU.Build.0 = Debug|Any CPU
		{FEDA8EC3-F9C2-4D88-91B1-54A47B9AF4A6}.Release|Any CPU.ActiveCfg = Release|Any CPU
		{FEDA8EC3-F9C2-4D88-91B1-54A47B9AF4A6}.Release|Any CPU.Build.0 = Release|Any CPU
		{298FBEAC-9522-44F1-9772-5916C55D125B}.Debug|Any CPU.ActiveCfg = Debug|Any CPU
		{298FBEAC-9522-44F1-9772-5916C55D125B}.Debug|Any CPU.Build.0 = Debug|Any CPU
		{298FBEAC-9522-44F1-9772-5916C55D125B}.Release|Any CPU.ActiveCfg = Release|Any CPU
		{298FBEAC-9522-44F1-9772-5916C55D125B}.Release|Any CPU.Build.0 = Release|Any CPU
		{DE6B8A7B-1970-43D0-9EE5-FD580A4B8CA4}.Debug|Any CPU.ActiveCfg = Debug|Any CPU
		{DE6B8A7B-1970-43D0-9EE5-FD580A4B8CA4}.Debug|Any CPU.Build.0 = Debug|Any CPU
		{DE6B8A7B-1970-43D0-9EE5-FD580A4B8CA4}.Release|Any CPU.ActiveCfg = Release|Any CPU
		{DE6B8A7B-1970-43D0-9EE5-FD580A4B8CA4}.Release|Any CPU.Build.0 = Release|Any CPU
		{D6DFAAA2-6169-4ED8-AE25-C0F6987EEF3A}.Debug|Any CPU.ActiveCfg = Debug|Any CPU
		{D6DFAAA2-6169-4ED8-AE25-C0F6987EEF3A}.Debug|Any CPU.Build.0 = Debug|Any CPU
		{D6DFAAA2-6169-4ED8-AE25-C0F6987EEF3A}.Release|Any CPU.ActiveCfg = Release|Any CPU
		{D6DFAAA2-6169-4ED8-AE25-C0F6987EEF3A}.Release|Any CPU.Build.0 = Release|Any CPU
		{D04E86D0-BADB-453C-9142-FD63B8716FD7}.Debug|Any CPU.ActiveCfg = Debug|Any CPU
		{D04E86D0-BADB-453C-9142-FD63B8716FD7}.Debug|Any CPU.Build.0 = Debug|Any CPU
		{D04E86D0-BADB-453C-9142-FD63B8716FD7}.Release|Any CPU.ActiveCfg = Release|Any CPU
		{D04E86D0-BADB-453C-9142-FD63B8716FD7}.Release|Any CPU.Build.0 = Release|Any CPU
		{10021378-4DB2-406F-948B-DC7E6EDB6CF9}.Debug|Any CPU.ActiveCfg = Debug|Any CPU
		{10021378-4DB2-406F-948B-DC7E6EDB6CF9}.Debug|Any CPU.Build.0 = Debug|Any CPU
		{10021378-4DB2-406F-948B-DC7E6EDB6CF9}.Release|Any CPU.ActiveCfg = Release|Any CPU
		{10021378-4DB2-406F-948B-DC7E6EDB6CF9}.Release|Any CPU.Build.0 = Release|Any CPU
		{40DE1A66-0883-425D-862F-6DCD721F6B29}.Debug|Any CPU.ActiveCfg = Debug|Any CPU
		{40DE1A66-0883-425D-862F-6DCD721F6B29}.Debug|Any CPU.Build.0 = Debug|Any CPU
		{40DE1A66-0883-425D-862F-6DCD721F6B29}.Release|Any CPU.ActiveCfg = Release|Any CPU
		{40DE1A66-0883-425D-862F-6DCD721F6B29}.Release|Any CPU.Build.0 = Release|Any CPU
		{E62E85E0-73D8-45A5-9B60-93DFEA69BCCF}.Debug|Any CPU.ActiveCfg = Debug|Any CPU
		{E62E85E0-73D8-45A5-9B60-93DFEA69BCCF}.Debug|Any CPU.Build.0 = Debug|Any CPU
		{E62E85E0-73D8-45A5-9B60-93DFEA69BCCF}.Release|Any CPU.ActiveCfg = Release|Any CPU
		{E62E85E0-73D8-45A5-9B60-93DFEA69BCCF}.Release|Any CPU.Build.0 = Release|Any CPU
		{281F1446-EA1A-41A5-95AB-B8EC083DEDE9}.Debug|Any CPU.ActiveCfg = Debug|Any CPU
		{281F1446-EA1A-41A5-95AB-B8EC083DEDE9}.Debug|Any CPU.Build.0 = Debug|Any CPU
		{281F1446-EA1A-41A5-95AB-B8EC083DEDE9}.Release|Any CPU.ActiveCfg = Release|Any CPU
		{281F1446-EA1A-41A5-95AB-B8EC083DEDE9}.Release|Any CPU.Build.0 = Release|Any CPU
		{6A4BC310-AAF7-41A7-9CCF-E4AB4ACEF664}.Debug|Any CPU.ActiveCfg = Debug|Any CPU
		{6A4BC310-AAF7-41A7-9CCF-E4AB4ACEF664}.Debug|Any CPU.Build.0 = Debug|Any CPU
		{6A4BC310-AAF7-41A7-9CCF-E4AB4ACEF664}.Release|Any CPU.ActiveCfg = Release|Any CPU
		{6A4BC310-AAF7-41A7-9CCF-E4AB4ACEF664}.Release|Any CPU.Build.0 = Release|Any CPU
		{863AEAEC-BCD3-4419-9F31-13F95C497339}.Debug|Any CPU.ActiveCfg = Debug|Any CPU
		{863AEAEC-BCD3-4419-9F31-13F95C497339}.Debug|Any CPU.Build.0 = Debug|Any CPU
		{863AEAEC-BCD3-4419-9F31-13F95C497339}.Release|Any CPU.ActiveCfg = Release|Any CPU
		{863AEAEC-BCD3-4419-9F31-13F95C497339}.Release|Any CPU.Build.0 = Release|Any CPU
		{3A20274D-C030-4D99-AA28-798A39313F0D}.Debug|Any CPU.ActiveCfg = Debug|Any CPU
		{3A20274D-C030-4D99-AA28-798A39313F0D}.Debug|Any CPU.Build.0 = Debug|Any CPU
		{3A20274D-C030-4D99-AA28-798A39313F0D}.Release|Any CPU.ActiveCfg = Release|Any CPU
		{3A20274D-C030-4D99-AA28-798A39313F0D}.Release|Any CPU.Build.0 = Release|Any CPU
		{474FCB25-1D05-45D6-B522-37015621DEEE}.Debug|Any CPU.ActiveCfg = Debug|Any CPU
		{474FCB25-1D05-45D6-B522-37015621DEEE}.Debug|Any CPU.Build.0 = Debug|Any CPU
		{474FCB25-1D05-45D6-B522-37015621DEEE}.Release|Any CPU.ActiveCfg = Release|Any CPU
		{474FCB25-1D05-45D6-B522-37015621DEEE}.Release|Any CPU.Build.0 = Release|Any CPU
		{7B91EB57-E54D-47EF-B214-DF36CD6AA219}.Debug|Any CPU.ActiveCfg = Debug|Any CPU
		{7B91EB57-E54D-47EF-B214-DF36CD6AA219}.Debug|Any CPU.Build.0 = Debug|Any CPU
		{7B91EB57-E54D-47EF-B214-DF36CD6AA219}.Release|Any CPU.ActiveCfg = Release|Any CPU
		{7B91EB57-E54D-47EF-B214-DF36CD6AA219}.Release|Any CPU.Build.0 = Release|Any CPU
	EndGlobalSection
	GlobalSection(SolutionProperties) = preSolution
		HideSolutionNode = FALSE
	EndGlobalSection
	GlobalSection(NestedProjects) = preSolution
		{81C25810-BA7F-4DA8-8671-9C53CB89244C} = {32E3AB6B-47CD-48C5-897B-DA1562DDCFD5}
		{98B4B0ED-D60F-4D64-B4E5-02464BBB882D} = {32E3AB6B-47CD-48C5-897B-DA1562DDCFD5}
		{F98B0C0D-CEFD-412E-A79B-B34E66CF34E9} = {81C25810-BA7F-4DA8-8671-9C53CB89244C}
		{E37E8B26-CE43-4211-ADED-C40B9412DC4D} = {81C25810-BA7F-4DA8-8671-9C53CB89244C}
		{75D789E5-BDA5-41F8-847F-1B11C8C3BF07} = {98B4B0ED-D60F-4D64-B4E5-02464BBB882D}
		{FEDA8EC3-F9C2-4D88-91B1-54A47B9AF4A6} = {98B4B0ED-D60F-4D64-B4E5-02464BBB882D}
		{298FBEAC-9522-44F1-9772-5916C55D125B} = {98B4B0ED-D60F-4D64-B4E5-02464BBB882D}
		{DE6B8A7B-1970-43D0-9EE5-FD580A4B8CA4} = {98B4B0ED-D60F-4D64-B4E5-02464BBB882D}
		{D6DFAAA2-6169-4ED8-AE25-C0F6987EEF3A} = {81C25810-BA7F-4DA8-8671-9C53CB89244C}
		{D04E86D0-BADB-453C-9142-FD63B8716FD7} = {81C25810-BA7F-4DA8-8671-9C53CB89244C}
		{10021378-4DB2-406F-948B-DC7E6EDB6CF9} = {81C25810-BA7F-4DA8-8671-9C53CB89244C}
		{40DE1A66-0883-425D-862F-6DCD721F6B29} = {81C25810-BA7F-4DA8-8671-9C53CB89244C}
		{AA959C0B-D609-47FC-B223-ABCF3E164A33} = {32E3AB6B-47CD-48C5-897B-DA1562DDCFD5}
		{E62E85E0-73D8-45A5-9B60-93DFEA69BCCF} = {AA959C0B-D609-47FC-B223-ABCF3E164A33}
		{281F1446-EA1A-41A5-95AB-B8EC083DEDE9} = {AA959C0B-D609-47FC-B223-ABCF3E164A33}
		{6A4BC310-AAF7-41A7-9CCF-E4AB4ACEF664} = {AA959C0B-D609-47FC-B223-ABCF3E164A33}
		{863AEAEC-BCD3-4419-9F31-13F95C497339} = {AA959C0B-D609-47FC-B223-ABCF3E164A33}
		{3A20274D-C030-4D99-AA28-798A39313F0D} = {81C25810-BA7F-4DA8-8671-9C53CB89244C}
		{474FCB25-1D05-45D6-B522-37015621DEEE} = {81C25810-BA7F-4DA8-8671-9C53CB89244C}
		{7B91EB57-E54D-47EF-B214-DF36CD6AA219} = {045F797D-F08B-4F34-A223-10D101277AFE}
	EndGlobalSection
	GlobalSection(ExtensibilityGlobals) = postSolution
		SolutionGuid = {4A5326C4-49CF-4315-8D43-E794E0E8BC32}
	EndGlobalSection
EndGlobal
