
Microsoft Visual Studio Solution File, Format Version 12.00
# Visual Studio 15
VisualStudioVersion = 15.0.27130.2036
MinimumVisualStudioVersion = 10.0.40219.1
Project("{2150E333-8FDC-42A3-9474-1A3956D46DE8}") = "Basic", "Basic", "{81C25810-BA7F-4DA8-8671-9C53CB89244C}"
EndProject
Project("{FAE04EC0-301F-11D3-BF4B-00C04F79EFBC}") = "CS_Client", "sdk\cs\Client\CS_Client.csproj", "{14F06054-7654-4C83-8AD8-0A8D3F81787C}"
EndProject
Project("{F184B08F-C81C-45F6-A57F-5ABD9991F28F}") = "VB_Client", "sdk\vb\Client\VB_Client.vbproj", "{652F2CD6-B8FF-4170-9CF1-207BE68F6A74}"
EndProject
Project("{FAE04EC0-301F-11D3-BF4B-00C04F79EFBC}") = "CS_Client.Browsing", "sdk\cs\Client.Browsing\CS_Client.Browsing.csproj", "{E69E2788-B112-4A62-97A3-DD5650DDF60C}"
EndProject
Project("{F184B08F-C81C-45F6-A57F-5ABD9991F28F}") = "VB_Client.Browsing", "sdk\vb\Client.Browsing\VB_Client.Browsing.vbproj", "{41DBF476-2783-49DE-85D1-DA9BDF918D81}"
EndProject
Project("{2150E333-8FDC-42A3-9474-1A3956D46DE8}") = "Configuration", "Configuration", "{98B4B0ED-D60F-4D64-B4E5-02464BBB882D}"
EndProject
Project("{FAE04EC0-301F-11D3-BF4B-00C04F79EFBC}") = "CS_Client.ConfiguredViaXml", "sdk\cs\Client.ConfiguredViaXml\CS_Client.ConfiguredViaXml.csproj", "{F77F9A22-EA25-4F28-A4BF-AF6EDFF5ACDB}"
EndProject
Project("{F184B08F-C81C-45F6-A57F-5ABD9991F28F}") = "VB_Client.ConfiguredViaXml", "sdk\vb\Client.ConfiguredViaXml\VB_Client.ConfiguredViaXml.vbproj", "{57286054-B904-4C5B-95D7-E983C00B90EC}"
EndProject
Project("{F184B08F-C81C-45F6-A57F-5ABD9991F28F}") = "VB_Client.ConfiguredViaCode", "sdk\vb\Client.ConfiguredViaCode\VB_Client.ConfiguredViaCode.vbproj", "{F9F0094E-453A-4A6A-AD4B-23DFBDB0B807}"
EndProject
Project("{FAE04EC0-301F-11D3-BF4B-00C04F79EFBC}") = "CS_Client.ConfiguredViaCode", "sdk\cs\Client.ConfiguredViaCode\CS_Client.ConfiguredViaCode.csproj", "{D82F6DAC-01C4-40B4-984A-503563713A98}"
EndProject
Project("{FAE04EC0-301F-11D3-BF4B-00C04F79EFBC}") = "CS_Client.Authentication", "sdk\cs\Client.Authentication\CS_Client.Authentication.csproj", "{BE997438-7941-45BE-9096-B89AEE12D127}"
EndProject
Project("{F184B08F-C81C-45F6-A57F-5ABD9991F28F}") = "VB_Client.Authentication", "sdk\vb\Client.Authentication\VB_Client.Authentication.vbproj", "{7D2A7FE1-0C22-442F-8A0D-C728071E2EFE}"
EndProject
Project("{FAE04EC0-301F-11D3-BF4B-00C04F79EFBC}") = "CS_Client.HDA", "sdk\cs\Client.HDA\CS_Client.HDA.csproj", "{BEB302A4-5127-4FD4-8D00-C23F81D9AB9C}"
EndProject
Project("{F184B08F-C81C-45F6-A57F-5ABD9991F28F}") = "VB_Client.HDA", "sdk\vb\Client.HDA\VB_Client.HDA.vbproj", "{20A4F074-6742-4193-8F6D-42FA211A3192}"
EndProject
Project("{2150E333-8FDC-42A3-9474-1A3956D46DE8}") = "Nodes", "Nodes", "{AA959C0B-D609-47FC-B223-ABCF3E164A33}"
EndProject
Project("{FAE04EC0-301F-11D3-BF4B-00C04F79EFBC}") = "CS_Client.AnalogItemNode", "sdk\cs\Client.AnalogItemNode\CS_Client.AnalogItemNode.csproj", "{42F4D9B5-5695-4319-836F-5B9649F48294}"
EndProject
Project("{F184B08F-C81C-45F6-A57F-5ABD9991F28F}") = "VB_Client.AnalogItemNode", "sdk\vb\Client.AnalogItemNode\VB_Client.AnalogItemNode.vbproj", "{49CC38BF-3FBC-4F0E-9196-00C357A36C7A}"
EndProject
Project("{FAE04EC0-301F-11D3-BF4B-00C04F79EFBC}") = "CS_Client.DataTypeNode", "sdk\cs\Client.DataTypeNode\CS_Client.DataTypeNode.csproj", "{64CC08C6-5BD4-497D-8DD6-58786CB3D44C}"
EndProject
Project("{F184B08F-C81C-45F6-A57F-5ABD9991F28F}") = "VB_Client.DataTypeNode", "sdk\vb\Client.DataTypeNode\VB_Client.DataTypeNode.vbproj", "{9B027B93-E317-4FE0-9A9B-96991744C988}"
EndProject
Project("{FAE04EC0-301F-11D3-BF4B-00C04F79EFBC}") = "CS_Client.AE", "sdk\cs\Client.AE\CS_Client.AE.csproj", "{BB5AB8C7-7F62-45EF-B066-6358B0737F99}"
EndProject
Project("{F184B08F-C81C-45F6-A57F-5ABD9991F28F}") = "VB_Client.AE", "sdk\vb\Client.AE\VB_Client.AE.vbproj", "{276FB68B-F7BE-47CC-AF5D-CA2D7E289110}"
EndProject
Global
	GlobalSection(SolutionConfigurationPlatforms) = preSolution
		Debug|Any CPU = Debug|Any CPU
		Release|Any CPU = Release|Any CPU
	EndGlobalSection
	GlobalSection(ProjectConfigurationPlatforms) = postSolution
		{14F06054-7654-4C83-8AD8-0A8D3F81787C}.Debug|Any CPU.ActiveCfg = Debug|Any CPU
		{14F06054-7654-4C83-8AD8-0A8D3F81787C}.Debug|Any CPU.Build.0 = Debug|Any CPU
		{14F06054-7654-4C83-8AD8-0A8D3F81787C}.Release|Any CPU.ActiveCfg = Release|Any CPU
		{14F06054-7654-4C83-8AD8-0A8D3F81787C}.Release|Any CPU.Build.0 = Release|Any CPU
		{652F2CD6-B8FF-4170-9CF1-207BE68F6A74}.Debug|Any CPU.ActiveCfg = Debug|Any CPU
		{652F2CD6-B8FF-4170-9CF1-207BE68F6A74}.Debug|Any CPU.Build.0 = Debug|Any CPU
		{652F2CD6-B8FF-4170-9CF1-207BE68F6A74}.Release|Any CPU.ActiveCfg = Release|Any CPU
		{652F2CD6-B8FF-4170-9CF1-207BE68F6A74}.Release|Any CPU.Build.0 = Release|Any CPU
		{E69E2788-B112-4A62-97A3-DD5650DDF60C}.Debug|Any CPU.ActiveCfg = Debug|Any CPU
		{E69E2788-B112-4A62-97A3-DD5650DDF60C}.Debug|Any CPU.Build.0 = Debug|Any CPU
		{E69E2788-B112-4A62-97A3-DD5650DDF60C}.Release|Any CPU.ActiveCfg = Release|Any CPU
		{E69E2788-B112-4A62-97A3-DD5650DDF60C}.Release|Any CPU.Build.0 = Release|Any CPU
		{41DBF476-2783-49DE-85D1-DA9BDF918D81}.Debug|Any CPU.ActiveCfg = Debug|Any CPU
		{41DBF476-2783-49DE-85D1-DA9BDF918D81}.Debug|Any CPU.Build.0 = Debug|Any CPU
		{41DBF476-2783-49DE-85D1-DA9BDF918D81}.Release|Any CPU.ActiveCfg = Release|Any CPU
		{41DBF476-2783-49DE-85D1-DA9BDF918D81}.Release|Any CPU.Build.0 = Release|Any CPU
		{F77F9A22-EA25-4F28-A4BF-AF6EDFF5ACDB}.Debug|Any CPU.ActiveCfg = Debug|Any CPU
		{F77F9A22-EA25-4F28-A4BF-AF6EDFF5ACDB}.Debug|Any CPU.Build.0 = Debug|Any CPU
		{F77F9A22-EA25-4F28-A4BF-AF6EDFF5ACDB}.Release|Any CPU.ActiveCfg = Release|Any CPU
		{F77F9A22-EA25-4F28-A4BF-AF6EDFF5ACDB}.Release|Any CPU.Build.0 = Release|Any CPU
		{57286054-B904-4C5B-95D7-E983C00B90EC}.Debug|Any CPU.ActiveCfg = Debug|Any CPU
		{57286054-B904-4C5B-95D7-E983C00B90EC}.Debug|Any CPU.Build.0 = Debug|Any CPU
		{57286054-B904-4C5B-95D7-E983C00B90EC}.Release|Any CPU.ActiveCfg = Release|Any CPU
		{57286054-B904-4C5B-95D7-E983C00B90EC}.Release|Any CPU.Build.0 = Release|Any CPU
		{F9F0094E-453A-4A6A-AD4B-23DFBDB0B807}.Debug|Any CPU.ActiveCfg = Debug|Any CPU
		{F9F0094E-453A-4A6A-AD4B-23DFBDB0B807}.Debug|Any CPU.Build.0 = Debug|Any CPU
		{F9F0094E-453A-4A6A-AD4B-23DFBDB0B807}.Release|Any CPU.ActiveCfg = Release|Any CPU
		{F9F0094E-453A-4A6A-AD4B-23DFBDB0B807}.Release|Any CPU.Build.0 = Release|Any CPU
		{D82F6DAC-01C4-40B4-984A-503563713A98}.Debug|Any CPU.ActiveCfg = Debug|Any CPU
		{D82F6DAC-01C4-40B4-984A-503563713A98}.Debug|Any CPU.Build.0 = Debug|Any CPU
		{D82F6DAC-01C4-40B4-984A-503563713A98}.Release|Any CPU.ActiveCfg = Release|Any CPU
		{D82F6DAC-01C4-40B4-984A-503563713A98}.Release|Any CPU.Build.0 = Release|Any CPU
		{BE997438-7941-45BE-9096-B89AEE12D127}.Debug|Any CPU.ActiveCfg = Debug|Any CPU
		{BE997438-7941-45BE-9096-B89AEE12D127}.Debug|Any CPU.Build.0 = Debug|Any CPU
		{BE997438-7941-45BE-9096-B89AEE12D127}.Release|Any CPU.ActiveCfg = Release|Any CPU
		{BE997438-7941-45BE-9096-B89AEE12D127}.Release|Any CPU.Build.0 = Release|Any CPU
		{7D2A7FE1-0C22-442F-8A0D-C728071E2EFE}.Debug|Any CPU.ActiveCfg = Debug|Any CPU
		{7D2A7FE1-0C22-442F-8A0D-C728071E2EFE}.Debug|Any CPU.Build.0 = Debug|Any CPU
		{7D2A7FE1-0C22-442F-8A0D-C728071E2EFE}.Release|Any CPU.ActiveCfg = Release|Any CPU
		{7D2A7FE1-0C22-442F-8A0D-C728071E2EFE}.Release|Any CPU.Build.0 = Release|Any CPU
		{BEB302A4-5127-4FD4-8D00-C23F81D9AB9C}.Debug|Any CPU.ActiveCfg = Debug|Any CPU
		{BEB302A4-5127-4FD4-8D00-C23F81D9AB9C}.Debug|Any CPU.Build.0 = Debug|Any CPU
		{BEB302A4-5127-4FD4-8D00-C23F81D9AB9C}.Release|Any CPU.ActiveCfg = Release|Any CPU
		{BEB302A4-5127-4FD4-8D00-C23F81D9AB9C}.Release|Any CPU.Build.0 = Release|Any CPU
		{20A4F074-6742-4193-8F6D-42FA211A3192}.Debug|Any CPU.ActiveCfg = Debug|Any CPU
		{20A4F074-6742-4193-8F6D-42FA211A3192}.Debug|Any CPU.Build.0 = Debug|Any CPU
		{20A4F074-6742-4193-8F6D-42FA211A3192}.Release|Any CPU.ActiveCfg = Release|Any CPU
		{20A4F074-6742-4193-8F6D-42FA211A3192}.Release|Any CPU.Build.0 = Release|Any CPU
		{42F4D9B5-5695-4319-836F-5B9649F48294}.Debug|Any CPU.ActiveCfg = Debug|Any CPU
		{42F4D9B5-5695-4319-836F-5B9649F48294}.Debug|Any CPU.Build.0 = Debug|Any CPU
		{42F4D9B5-5695-4319-836F-5B9649F48294}.Release|Any CPU.ActiveCfg = Release|Any CPU
		{42F4D9B5-5695-4319-836F-5B9649F48294}.Release|Any CPU.Build.0 = Release|Any CPU
		{49CC38BF-3FBC-4F0E-9196-00C357A36C7A}.Debug|Any CPU.ActiveCfg = Debug|Any CPU
		{49CC38BF-3FBC-4F0E-9196-00C357A36C7A}.Debug|Any CPU.Build.0 = Debug|Any CPU
		{49CC38BF-3FBC-4F0E-9196-00C357A36C7A}.Release|Any CPU.ActiveCfg = Release|Any CPU
		{49CC38BF-3FBC-4F0E-9196-00C357A36C7A}.Release|Any CPU.Build.0 = Release|Any CPU
		{64CC08C6-5BD4-497D-8DD6-58786CB3D44C}.Debug|Any CPU.ActiveCfg = Debug|Any CPU
		{64CC08C6-5BD4-497D-8DD6-58786CB3D44C}.Debug|Any CPU.Build.0 = Debug|Any CPU
		{64CC08C6-5BD4-497D-8DD6-58786CB3D44C}.Release|Any CPU.ActiveCfg = Release|Any CPU
		{64CC08C6-5BD4-497D-8DD6-58786CB3D44C}.Release|Any CPU.Build.0 = Release|Any CPU
		{9B027B93-E317-4FE0-9A9B-96991744C988}.Debug|Any CPU.ActiveCfg = Debug|Any CPU
		{9B027B93-E317-4FE0-9A9B-96991744C988}.Debug|Any CPU.Build.0 = Debug|Any CPU
		{9B027B93-E317-4FE0-9A9B-96991744C988}.Release|Any CPU.ActiveCfg = Release|Any CPU
		{9B027B93-E317-4FE0-9A9B-96991744C988}.Release|Any CPU.Build.0 = Release|Any CPU
		{BB5AB8C7-7F62-45EF-B066-6358B0737F99}.Debug|Any CPU.ActiveCfg = Debug|Any CPU
		{BB5AB8C7-7F62-45EF-B066-6358B0737F99}.Debug|Any CPU.Build.0 = Debug|Any CPU
		{BB5AB8C7-7F62-45EF-B066-6358B0737F99}.Release|Any CPU.ActiveCfg = Release|Any CPU
		{BB5AB8C7-7F62-45EF-B066-6358B0737F99}.Release|Any CPU.Build.0 = Release|Any CPU
		{276FB68B-F7BE-47CC-AF5D-CA2D7E289110}.Debug|Any CPU.ActiveCfg = Debug|Any CPU
		{276FB68B-F7BE-47CC-AF5D-CA2D7E289110}.Debug|Any CPU.Build.0 = Debug|Any CPU
		{276FB68B-F7BE-47CC-AF5D-CA2D7E289110}.Release|Any CPU.ActiveCfg = Release|Any CPU
		{276FB68B-F7BE-47CC-AF5D-CA2D7E289110}.Release|Any CPU.Build.0 = Release|Any CPU
	EndGlobalSection
	GlobalSection(SolutionProperties) = preSolution
		HideSolutionNode = FALSE
	EndGlobalSection
	GlobalSection(NestedProjects) = preSolution
		{14F06054-7654-4C83-8AD8-0A8D3F81787C} = {81C25810-BA7F-4DA8-8671-9C53CB89244C}
		{652F2CD6-B8FF-4170-9CF1-207BE68F6A74} = {81C25810-BA7F-4DA8-8671-9C53CB89244C}
		{E69E2788-B112-4A62-97A3-DD5650DDF60C} = {81C25810-BA7F-4DA8-8671-9C53CB89244C}
		{41DBF476-2783-49DE-85D1-DA9BDF918D81} = {81C25810-BA7F-4DA8-8671-9C53CB89244C}
		{F77F9A22-EA25-4F28-A4BF-AF6EDFF5ACDB} = {98B4B0ED-D60F-4D64-B4E5-02464BBB882D}
		{57286054-B904-4C5B-95D7-E983C00B90EC} = {98B4B0ED-D60F-4D64-B4E5-02464BBB882D}
		{F9F0094E-453A-4A6A-AD4B-23DFBDB0B807} = {98B4B0ED-D60F-4D64-B4E5-02464BBB882D}
		{D82F6DAC-01C4-40B4-984A-503563713A98} = {98B4B0ED-D60F-4D64-B4E5-02464BBB882D}
		{BE997438-7941-45BE-9096-B89AEE12D127} = {81C25810-BA7F-4DA8-8671-9C53CB89244C}
		{7D2A7FE1-0C22-442F-8A0D-C728071E2EFE} = {81C25810-BA7F-4DA8-8671-9C53CB89244C}
		{BEB302A4-5127-4FD4-8D00-C23F81D9AB9C} = {81C25810-BA7F-4DA8-8671-9C53CB89244C}
		{20A4F074-6742-4193-8F6D-42FA211A3192} = {81C25810-BA7F-4DA8-8671-9C53CB89244C}
		{42F4D9B5-5695-4319-836F-5B9649F48294} = {AA959C0B-D609-47FC-B223-ABCF3E164A33}
		{49CC38BF-3FBC-4F0E-9196-00C357A36C7A} = {AA959C0B-D609-47FC-B223-ABCF3E164A33}
		{64CC08C6-5BD4-497D-8DD6-58786CB3D44C} = {AA959C0B-D609-47FC-B223-ABCF3E164A33}
		{9B027B93-E317-4FE0-9A9B-96991744C988} = {AA959C0B-D609-47FC-B223-ABCF3E164A33}
		{BB5AB8C7-7F62-45EF-B066-6358B0737F99} = {81C25810-BA7F-4DA8-8671-9C53CB89244C}
		{276FB68B-F7BE-47CC-AF5D-CA2D7E289110} = {81C25810-BA7F-4DA8-8671-9C53CB89244C}
	EndGlobalSection
	GlobalSection(ExtensibilityGlobals) = postSolution
		SolutionGuid = {4A5326C4-49CF-4315-8D43-E794E0E8BC32}
	EndGlobalSection
EndGlobal
