
Microsoft Visual Studio Solution File, Format Version 12.00
# Visual Studio Version 16
VisualStudioVersion = 16.0.29613.14
MinimumVisualStudioVersion = 10.0.40219.1
Project("{2150E333-8FDC-42A3-9474-1A3956D46DE8}") = "Basic", "Basic", "{81C25810-BA7F-4DA8-8671-9C53CB89244C}"
EndProject
Project("{2150E333-8FDC-42A3-9474-1A3956D46DE8}") = "Configuration", "Configuration", "{98B4B0ED-D60F-4D64-B4E5-02464BBB882D}"
EndProject
Project("{2150E333-8FDC-42A3-9474-1A3956D46DE8}") = "Nodes", "Nodes", "{AA959C0B-D609-47FC-B223-ABCF3E164A33}"
EndProject
Project("{2150E333-8FDC-42A3-9474-1A3956D46DE8}") = "Scenarios", "Scenarios", "{074E2979-8A4D-4BCC-A96C-EB3C6E427D74}"
EndProject
Project("{2150E333-8FDC-42A3-9474-1A3956D46DE8}") = "Platforms", "Platforms", "{0B7D2F5C-7888-40B8-88DF-DCC6096AE9DC}"
EndProject
Project("{F184B08F-C81C-45F6-A57F-5ABD9991F28F}") = "Client.Wpf", "Platforms\Client.Wpf\Client.Wpf.vbproj", "{6AADF59F-7255-42BD-899F-EA4E61372DA6}"
EndProject
Project("{778DAE3C-4631-46EA-AA77-85C1314464D9}") = "Client", "Basic\Client\Client.vbproj", "{CBD18A04-5BCD-40D9-8372-7CD54385D8D4}"
EndProject
Project("{778DAE3C-4631-46EA-AA77-85C1314464D9}") = "Client.AE", "Basic\Client.AE\Client.AE.vbproj", "{B276BC2A-87AB-4809-BC06-6BCC23ADF6BA}"
EndProject
Project("{778DAE3C-4631-46EA-AA77-85C1314464D9}") = "Client.Authentication", "Basic\Client.Authentication\Client.Authentication.vbproj", "{1E4A1C71-7E96-47C8-865C-2BB44F45D436}"
EndProject
Project("{778DAE3C-4631-46EA-AA77-85C1314464D9}") = "Client.Browsing", "Basic\Client.Browsing\Client.Browsing.vbproj", "{1987FCDF-4B93-4B21-ABF7-19E507060C88}"
EndProject
Project("{778DAE3C-4631-46EA-AA77-85C1314464D9}") = "Client.HDA", "Basic\Client.HDA\Client.HDA.vbproj", "{13C18F7A-A672-4BC2-B524-9E2416CFCB29}"
EndProject
Project("{778DAE3C-4631-46EA-AA77-85C1314464D9}") = "Client.ConfiguredViaCode", "Configuration\Client.ConfiguredViaCode\Client.ConfiguredViaCode.vbproj", "{694FB0D2-4585-4FD0-B810-115F9C637034}"
EndProject
Project("{778DAE3C-4631-46EA-AA77-85C1314464D9}") = "Client.ConfiguredViaXml", "Configuration\Client.ConfiguredViaXml\Client.ConfiguredViaXml.vbproj", "{28E4BEE4-0319-41F5-BD05-9030F0EE4EB4}"
EndProject
Project("{778DAE3C-4631-46EA-AA77-85C1314464D9}") = "Client.AnalogItemNode", "Nodes\Client.AnalogItemNode\Client.AnalogItemNode.vbproj", "{1364384B-7D66-409A-B515-030217916F4E}"
EndProject
Project("{778DAE3C-4631-46EA-AA77-85C1314464D9}") = "Client.DataTypeNode", "Nodes\Client.DataTypeNode\Client.DataTypeNode.vbproj", "{6E80DF65-A866-424F-B974-1FCEA8AA855C}"
EndProject
Project("{F184B08F-C81C-45F6-A57F-5ABD9991F28F}") = "Client.NodeExplorer", "Scenarios\Client.NodeExplorer\Client.NodeExplorer.vbproj", "{E70120E1-F669-4C66-9166-51A0E2A082A6}"
EndProject
Project("{778DAE3C-4631-46EA-AA77-85C1314464D9}") = "Client.Temperature", "Scenarios\Client.Temperature\Client.Temperature.vbproj", "{E465AAF3-4D48-4786-B138-035D7C038369}"
EndProject
Project("{778DAE3C-4631-46EA-AA77-85C1314464D9}") = "Client.DataTypes", "Basic\Client.DataTypes\Client.DataTypes.vbproj", "{4725B65B-4EDD-445F-B2D7-2B20DDB2B09D}"
EndProject
Global
	GlobalSection(SolutionConfigurationPlatforms) = preSolution
		Debug|Any CPU = Debug|Any CPU
		Release|Any CPU = Release|Any CPU
	EndGlobalSection
	GlobalSection(ProjectConfigurationPlatforms) = postSolution
		{6AADF59F-7255-42BD-899F-EA4E61372DA6}.Debug|Any CPU.ActiveCfg = Debug|Any CPU
		{6AADF59F-7255-42BD-899F-EA4E61372DA6}.Debug|Any CPU.Build.0 = Debug|Any CPU
		{6AADF59F-7255-42BD-899F-EA4E61372DA6}.Release|Any CPU.ActiveCfg = Release|Any CPU
		{6AADF59F-7255-42BD-899F-EA4E61372DA6}.Release|Any CPU.Build.0 = Release|Any CPU
		{CBD18A04-5BCD-40D9-8372-7CD54385D8D4}.Debug|Any CPU.ActiveCfg = Debug|Any CPU
		{CBD18A04-5BCD-40D9-8372-7CD54385D8D4}.Debug|Any CPU.Build.0 = Debug|Any CPU
		{CBD18A04-5BCD-40D9-8372-7CD54385D8D4}.Release|Any CPU.ActiveCfg = Release|Any CPU
		{CBD18A04-5BCD-40D9-8372-7CD54385D8D4}.Release|Any CPU.Build.0 = Release|Any CPU
		{B276BC2A-87AB-4809-BC06-6BCC23ADF6BA}.Debug|Any CPU.ActiveCfg = Debug|Any CPU
		{B276BC2A-87AB-4809-BC06-6BCC23ADF6BA}.Debug|Any CPU.Build.0 = Debug|Any CPU
		{B276BC2A-87AB-4809-BC06-6BCC23ADF6BA}.Release|Any CPU.ActiveCfg = Release|Any CPU
		{B276BC2A-87AB-4809-BC06-6BCC23ADF6BA}.Release|Any CPU.Build.0 = Release|Any CPU
		{1E4A1C71-7E96-47C8-865C-2BB44F45D436}.Debug|Any CPU.ActiveCfg = Debug|Any CPU
		{1E4A1C71-7E96-47C8-865C-2BB44F45D436}.Debug|Any CPU.Build.0 = Debug|Any CPU
		{1E4A1C71-7E96-47C8-865C-2BB44F45D436}.Release|Any CPU.ActiveCfg = Release|Any CPU
		{1E4A1C71-7E96-47C8-865C-2BB44F45D436}.Release|Any CPU.Build.0 = Release|Any CPU
		{1987FCDF-4B93-4B21-ABF7-19E507060C88}.Debug|Any CPU.ActiveCfg = Debug|Any CPU
		{1987FCDF-4B93-4B21-ABF7-19E507060C88}.Debug|Any CPU.Build.0 = Debug|Any CPU
		{1987FCDF-4B93-4B21-ABF7-19E507060C88}.Release|Any CPU.ActiveCfg = Release|Any CPU
		{1987FCDF-4B93-4B21-ABF7-19E507060C88}.Release|Any CPU.Build.0 = Release|Any CPU
		{13C18F7A-A672-4BC2-B524-9E2416CFCB29}.Debug|Any CPU.ActiveCfg = Debug|Any CPU
		{13C18F7A-A672-4BC2-B524-9E2416CFCB29}.Debug|Any CPU.Build.0 = Debug|Any CPU
		{13C18F7A-A672-4BC2-B524-9E2416CFCB29}.Release|Any CPU.ActiveCfg = Release|Any CPU
		{13C18F7A-A672-4BC2-B524-9E2416CFCB29}.Release|Any CPU.Build.0 = Release|Any CPU
		{694FB0D2-4585-4FD0-B810-115F9C637034}.Debug|Any CPU.ActiveCfg = Debug|Any CPU
		{694FB0D2-4585-4FD0-B810-115F9C637034}.Debug|Any CPU.Build.0 = Debug|Any CPU
		{694FB0D2-4585-4FD0-B810-115F9C637034}.Release|Any CPU.ActiveCfg = Release|Any CPU
		{694FB0D2-4585-4FD0-B810-115F9C637034}.Release|Any CPU.Build.0 = Release|Any CPU
		{28E4BEE4-0319-41F5-BD05-9030F0EE4EB4}.Debug|Any CPU.ActiveCfg = Debug|Any CPU
		{28E4BEE4-0319-41F5-BD05-9030F0EE4EB4}.Debug|Any CPU.Build.0 = Debug|Any CPU
		{28E4BEE4-0319-41F5-BD05-9030F0EE4EB4}.Release|Any CPU.ActiveCfg = Release|Any CPU
		{28E4BEE4-0319-41F5-BD05-9030F0EE4EB4}.Release|Any CPU.Build.0 = Release|Any CPU
		{1364384B-7D66-409A-B515-030217916F4E}.Debug|Any CPU.ActiveCfg = Debug|Any CPU
		{1364384B-7D66-409A-B515-030217916F4E}.Debug|Any CPU.Build.0 = Debug|Any CPU
		{1364384B-7D66-409A-B515-030217916F4E}.Release|Any CPU.ActiveCfg = Release|Any CPU
		{1364384B-7D66-409A-B515-030217916F4E}.Release|Any CPU.Build.0 = Release|Any CPU
		{6E80DF65-A866-424F-B974-1FCEA8AA855C}.Debug|Any CPU.ActiveCfg = Debug|Any CPU
		{6E80DF65-A866-424F-B974-1FCEA8AA855C}.Debug|Any CPU.Build.0 = Debug|Any CPU
		{6E80DF65-A866-424F-B974-1FCEA8AA855C}.Release|Any CPU.ActiveCfg = Release|Any CPU
		{6E80DF65-A866-424F-B974-1FCEA8AA855C}.Release|Any CPU.Build.0 = Release|Any CPU
		{E70120E1-F669-4C66-9166-51A0E2A082A6}.Debug|Any CPU.ActiveCfg = Debug|Any CPU
		{E70120E1-F669-4C66-9166-51A0E2A082A6}.Debug|Any CPU.Build.0 = Debug|Any CPU
		{E70120E1-F669-4C66-9166-51A0E2A082A6}.Release|Any CPU.ActiveCfg = Release|Any CPU
		{E70120E1-F669-4C66-9166-51A0E2A082A6}.Release|Any CPU.Build.0 = Release|Any CPU
		{E465AAF3-4D48-4786-B138-035D7C038369}.Debug|Any CPU.ActiveCfg = Debug|Any CPU
		{E465AAF3-4D48-4786-B138-035D7C038369}.Debug|Any CPU.Build.0 = Debug|Any CPU
		{E465AAF3-4D48-4786-B138-035D7C038369}.Release|Any CPU.ActiveCfg = Release|Any CPU
		{E465AAF3-4D48-4786-B138-035D7C038369}.Release|Any CPU.Build.0 = Release|Any CPU
		{4725B65B-4EDD-445F-B2D7-2B20DDB2B09D}.Debug|Any CPU.ActiveCfg = Debug|Any CPU
		{4725B65B-4EDD-445F-B2D7-2B20DDB2B09D}.Debug|Any CPU.Build.0 = Debug|Any CPU
		{4725B65B-4EDD-445F-B2D7-2B20DDB2B09D}.Release|Any CPU.ActiveCfg = Release|Any CPU
		{4725B65B-4EDD-445F-B2D7-2B20DDB2B09D}.Release|Any CPU.Build.0 = Release|Any CPU
	EndGlobalSection
	GlobalSection(SolutionProperties) = preSolution
		HideSolutionNode = FALSE
	EndGlobalSection
	GlobalSection(NestedProjects) = preSolution
		{6AADF59F-7255-42BD-899F-EA4E61372DA6} = {0B7D2F5C-7888-40B8-88DF-DCC6096AE9DC}
		{CBD18A04-5BCD-40D9-8372-7CD54385D8D4} = {81C25810-BA7F-4DA8-8671-9C53CB89244C}
		{B276BC2A-87AB-4809-BC06-6BCC23ADF6BA} = {81C25810-BA7F-4DA8-8671-9C53CB89244C}
		{1E4A1C71-7E96-47C8-865C-2BB44F45D436} = {81C25810-BA7F-4DA8-8671-9C53CB89244C}
		{1987FCDF-4B93-4B21-ABF7-19E507060C88} = {81C25810-BA7F-4DA8-8671-9C53CB89244C}
		{13C18F7A-A672-4BC2-B524-9E2416CFCB29} = {81C25810-BA7F-4DA8-8671-9C53CB89244C}
		{694FB0D2-4585-4FD0-B810-115F9C637034} = {98B4B0ED-D60F-4D64-B4E5-02464BBB882D}
		{28E4BEE4-0319-41F5-BD05-9030F0EE4EB4} = {98B4B0ED-D60F-4D64-B4E5-02464BBB882D}
		{1364384B-7D66-409A-B515-030217916F4E} = {AA959C0B-D609-47FC-B223-ABCF3E164A33}
		{6E80DF65-A866-424F-B974-1FCEA8AA855C} = {AA959C0B-D609-47FC-B223-ABCF3E164A33}
		{E70120E1-F669-4C66-9166-51A0E2A082A6} = {074E2979-8A4D-4BCC-A96C-EB3C6E427D74}
		{E465AAF3-4D48-4786-B138-035D7C038369} = {074E2979-8A4D-4BCC-A96C-EB3C6E427D74}
		{4725B65B-4EDD-445F-B2D7-2B20DDB2B09D} = {81C25810-BA7F-4DA8-8671-9C53CB89244C}
	EndGlobalSection
	GlobalSection(ExtensibilityGlobals) = postSolution
		SolutionGuid = {4A5326C4-49CF-4315-8D43-E794E0E8BC32}
	EndGlobalSection
EndGlobal
