
Microsoft Visual Studio Solution File, Format Version 12.00
# Visual Studio Version 16
VisualStudioVersion = 16.0.29613.14
MinimumVisualStudioVersion = 10.0.40219.1
Project("{2150E333-8FDC-42A3-9474-1A3956D46DE8}") = "Basic", "Basic", "{81C25810-BA7F-4DA8-8671-9C53CB89244C}"
EndProject
Project("{2150E333-8FDC-42A3-9474-1A3956D46DE8}") = "Configuration", "Configuration", "{98B4B0ED-D60F-4D64-B4E5-02464BBB882D}"
EndProject
Project("{2150E333-8FDC-42A3-9474-1A3956D46DE8}") = "Nodes", "Nodes", "{AA959C0B-D609-47FC-B223-ABCF3E164A33}"
EndProject
Project("{2150E333-8FDC-42A3-9474-1A3956D46DE8}") = "Scenarios", "Scenarios", "{074E2979-8A4D-4BCC-A96C-EB3C6E427D74}"
EndProject
Project("{2150E333-8FDC-42A3-9474-1A3956D46DE8}") = "Platforms", "Platforms", "{CA407324-E5EC-4D9D-802C-249C76EAC43E}"
EndProject
Project("{F184B08F-C81C-45F6-A57F-5ABD9991F28F}") = "Client.Wpf", "Platforms\Client.Wpf\Client.Wpf.vbproj", "{6AADF59F-7255-42BD-899F-EA4E61372DA6}"
EndProject
Project("{778DAE3C-4631-46EA-AA77-85C1314464D9}") = "Client", "Basic\Client\Client.vbproj", "{B2730EE5-1E56-434E-9D1F-875DB4D2B7A6}"
EndProject
Project("{778DAE3C-4631-46EA-AA77-85C1314464D9}") = "Client.AE", "Basic\Client.AE\Client.AE.vbproj", "{A42BC5C5-E1F8-4ACA-A6CC-C14BF864CF33}"
EndProject
Project("{778DAE3C-4631-46EA-AA77-85C1314464D9}") = "Client.Authentication", "Basic\Client.Authentication\Client.Authentication.vbproj", "{6F3D858A-8A44-4A3C-9B78-986471F82C8A}"
EndProject
Project("{778DAE3C-4631-46EA-AA77-85C1314464D9}") = "Client.Browsing", "Basic\Client.Browsing\Client.Browsing.vbproj", "{E4B6A0B7-0627-4ED0-88E9-49509D4E2B06}"
EndProject
Project("{778DAE3C-4631-46EA-AA77-85C1314464D9}") = "Client.HDA", "Basic\Client.HDA\Client.HDA.vbproj", "{C8464A2E-1E83-4ED0-9687-EBFE21952263}"
EndProject
Project("{778DAE3C-4631-46EA-AA77-85C1314464D9}") = "Server", "Basic\Server\Server.vbproj", "{6F85A6AB-240D-4FAE-86D4-7A8AD6D7CAAA}"
EndProject
Project("{778DAE3C-4631-46EA-AA77-85C1314464D9}") = "Server.AE", "Basic\Server.AE\Server.AE.vbproj", "{4ED974CB-94F9-4534-AFD0-32127A7FEDFB}"
EndProject
Project("{778DAE3C-4631-46EA-AA77-85C1314464D9}") = "Server.Authentication", "Basic\Server.Authentication\Server.Authentication.vbproj", "{14AB62B1-A6BD-4E34-A1AB-661BAD4B40E0}"
EndProject
Project("{778DAE3C-4631-46EA-AA77-85C1314464D9}") = "Server.HDA", "Basic\Server.HDA\Server.HDA.vbproj", "{A587E770-928D-46A7-AD60-89B4EC14A445}"
EndProject
Project("{778DAE3C-4631-46EA-AA77-85C1314464D9}") = "Client.ConfiguredViaCode", "Configuration\Client.ConfiguredViaCode\Client.ConfiguredViaCode.vbproj", "{A1EAB957-7199-4520-A2B6-CCDF15896E3A}"
EndProject
Project("{778DAE3C-4631-46EA-AA77-85C1314464D9}") = "Client.ConfiguredViaXml", "Configuration\Client.ConfiguredViaXml\Client.ConfiguredViaXml.vbproj", "{483F1D2B-FC77-4D7F-B673-AFCE63FE3661}"
EndProject
Project("{778DAE3C-4631-46EA-AA77-85C1314464D9}") = "Server.ConfiguredViaCode", "Configuration\Server.ConfiguredViaCode\Server.ConfiguredViaCode.vbproj", "{1252C84D-2341-4310-A47B-3965113CD2F5}"
EndProject
Project("{778DAE3C-4631-46EA-AA77-85C1314464D9}") = "Server.ConfiguredViaXml", "Configuration\Server.ConfiguredViaXml\Server.ConfiguredViaXml.vbproj", "{CABC7998-2ED3-4A80-8078-8B3AC24E02E7}"
EndProject
Project("{778DAE3C-4631-46EA-AA77-85C1314464D9}") = "Client.AnalogItemNode", "Nodes\Client.AnalogItemNode\Client.AnalogItemNode.vbproj", "{39CFE847-F05B-4D40-AED0-EE668A5B5793}"
EndProject
Project("{778DAE3C-4631-46EA-AA77-85C1314464D9}") = "Client.DataTypeNode", "Nodes\Client.DataTypeNode\Client.DataTypeNode.vbproj", "{45C3AF08-D25B-4DD8-93E2-DC1A22479648}"
EndProject
Project("{778DAE3C-4631-46EA-AA77-85C1314464D9}") = "Server.AnalogItemNode", "Nodes\Server.AnalogItemNode\Server.AnalogItemNode.vbproj", "{E4CCFD1C-BB5D-405B-8BDA-111667D16343}"
EndProject
Project("{778DAE3C-4631-46EA-AA77-85C1314464D9}") = "Server.DataTypeNode", "Nodes\Server.DataTypeNode\Server.DataTypeNode.vbproj", "{5447A47E-4C43-40C9-834A-86AB3063DEFB}"
EndProject
Project("{F184B08F-C81C-45F6-A57F-5ABD9991F28F}") = "Client.NodeExplorer", "Scenarios\Client.NodeExplorer\Client.NodeExplorer.vbproj", "{E70120E1-F669-4C66-9166-51A0E2A082A6}"
EndProject
Project("{778DAE3C-4631-46EA-AA77-85C1314464D9}") = "Client.Temperature", "Scenarios\Client.Temperature\Client.Temperature.vbproj", "{D207F556-5582-422E-8385-EE0000EBC5A6}"
EndProject
Project("{778DAE3C-4631-46EA-AA77-85C1314464D9}") = "Server.NodeAccess", "Scenarios\Server.NodeAccess\Server.NodeAccess.vbproj", "{23D2B6E0-97BB-4610-B643-AE61889FFDCD}"
EndProject
Project("{778DAE3C-4631-46EA-AA77-85C1314464D9}") = "Server.Temperature", "Scenarios\Server.Temperature\Server.Temperature.vbproj", "{71D5F0E5-02DB-4179-B0A3-9A07B1999446}"
EndProject
Global
	GlobalSection(SolutionConfigurationPlatforms) = preSolution
		Debug|Any CPU = Debug|Any CPU
		Release|Any CPU = Release|Any CPU
	EndGlobalSection
	GlobalSection(ProjectConfigurationPlatforms) = postSolution
		{6AADF59F-7255-42BD-899F-EA4E61372DA6}.Debug|Any CPU.ActiveCfg = Debug|Any CPU
		{6AADF59F-7255-42BD-899F-EA4E61372DA6}.Debug|Any CPU.Build.0 = Debug|Any CPU
		{6AADF59F-7255-42BD-899F-EA4E61372DA6}.Release|Any CPU.ActiveCfg = Release|Any CPU
		{6AADF59F-7255-42BD-899F-EA4E61372DA6}.Release|Any CPU.Build.0 = Release|Any CPU
		{B2730EE5-1E56-434E-9D1F-875DB4D2B7A6}.Debug|Any CPU.ActiveCfg = Debug|Any CPU
		{B2730EE5-1E56-434E-9D1F-875DB4D2B7A6}.Debug|Any CPU.Build.0 = Debug|Any CPU
		{B2730EE5-1E56-434E-9D1F-875DB4D2B7A6}.Release|Any CPU.ActiveCfg = Release|Any CPU
		{B2730EE5-1E56-434E-9D1F-875DB4D2B7A6}.Release|Any CPU.Build.0 = Release|Any CPU
		{A42BC5C5-E1F8-4ACA-A6CC-C14BF864CF33}.Debug|Any CPU.ActiveCfg = Debug|Any CPU
		{A42BC5C5-E1F8-4ACA-A6CC-C14BF864CF33}.Debug|Any CPU.Build.0 = Debug|Any CPU
		{A42BC5C5-E1F8-4ACA-A6CC-C14BF864CF33}.Release|Any CPU.ActiveCfg = Release|Any CPU
		{A42BC5C5-E1F8-4ACA-A6CC-C14BF864CF33}.Release|Any CPU.Build.0 = Release|Any CPU
		{6F3D858A-8A44-4A3C-9B78-986471F82C8A}.Debug|Any CPU.ActiveCfg = Debug|Any CPU
		{6F3D858A-8A44-4A3C-9B78-986471F82C8A}.Debug|Any CPU.Build.0 = Debug|Any CPU
		{6F3D858A-8A44-4A3C-9B78-986471F82C8A}.Release|Any CPU.ActiveCfg = Release|Any CPU
		{6F3D858A-8A44-4A3C-9B78-986471F82C8A}.Release|Any CPU.Build.0 = Release|Any CPU
		{E4B6A0B7-0627-4ED0-88E9-49509D4E2B06}.Debug|Any CPU.ActiveCfg = Debug|Any CPU
		{E4B6A0B7-0627-4ED0-88E9-49509D4E2B06}.Debug|Any CPU.Build.0 = Debug|Any CPU
		{E4B6A0B7-0627-4ED0-88E9-49509D4E2B06}.Release|Any CPU.ActiveCfg = Release|Any CPU
		{E4B6A0B7-0627-4ED0-88E9-49509D4E2B06}.Release|Any CPU.Build.0 = Release|Any CPU
		{C8464A2E-1E83-4ED0-9687-EBFE21952263}.Debug|Any CPU.ActiveCfg = Debug|Any CPU
		{C8464A2E-1E83-4ED0-9687-EBFE21952263}.Debug|Any CPU.Build.0 = Debug|Any CPU
		{C8464A2E-1E83-4ED0-9687-EBFE21952263}.Release|Any CPU.ActiveCfg = Release|Any CPU
		{C8464A2E-1E83-4ED0-9687-EBFE21952263}.Release|Any CPU.Build.0 = Release|Any CPU
		{6F85A6AB-240D-4FAE-86D4-7A8AD6D7CAAA}.Debug|Any CPU.ActiveCfg = Debug|Any CPU
		{6F85A6AB-240D-4FAE-86D4-7A8AD6D7CAAA}.Debug|Any CPU.Build.0 = Debug|Any CPU
		{6F85A6AB-240D-4FAE-86D4-7A8AD6D7CAAA}.Release|Any CPU.ActiveCfg = Release|Any CPU
		{6F85A6AB-240D-4FAE-86D4-7A8AD6D7CAAA}.Release|Any CPU.Build.0 = Release|Any CPU
		{4ED974CB-94F9-4534-AFD0-32127A7FEDFB}.Debug|Any CPU.ActiveCfg = Debug|Any CPU
		{4ED974CB-94F9-4534-AFD0-32127A7FEDFB}.Debug|Any CPU.Build.0 = Debug|Any CPU
		{4ED974CB-94F9-4534-AFD0-32127A7FEDFB}.Release|Any CPU.ActiveCfg = Release|Any CPU
		{4ED974CB-94F9-4534-AFD0-32127A7FEDFB}.Release|Any CPU.Build.0 = Release|Any CPU
		{14AB62B1-A6BD-4E34-A1AB-661BAD4B40E0}.Debug|Any CPU.ActiveCfg = Debug|Any CPU
		{14AB62B1-A6BD-4E34-A1AB-661BAD4B40E0}.Debug|Any CPU.Build.0 = Debug|Any CPU
		{14AB62B1-A6BD-4E34-A1AB-661BAD4B40E0}.Release|Any CPU.ActiveCfg = Release|Any CPU
		{14AB62B1-A6BD-4E34-A1AB-661BAD4B40E0}.Release|Any CPU.Build.0 = Release|Any CPU
		{A587E770-928D-46A7-AD60-89B4EC14A445}.Debug|Any CPU.ActiveCfg = Debug|Any CPU
		{A587E770-928D-46A7-AD60-89B4EC14A445}.Debug|Any CPU.Build.0 = Debug|Any CPU
		{A587E770-928D-46A7-AD60-89B4EC14A445}.Release|Any CPU.ActiveCfg = Release|Any CPU
		{A587E770-928D-46A7-AD60-89B4EC14A445}.Release|Any CPU.Build.0 = Release|Any CPU
		{A1EAB957-7199-4520-A2B6-CCDF15896E3A}.Debug|Any CPU.ActiveCfg = Debug|Any CPU
		{A1EAB957-7199-4520-A2B6-CCDF15896E3A}.Debug|Any CPU.Build.0 = Debug|Any CPU
		{A1EAB957-7199-4520-A2B6-CCDF15896E3A}.Release|Any CPU.ActiveCfg = Release|Any CPU
		{A1EAB957-7199-4520-A2B6-CCDF15896E3A}.Release|Any CPU.Build.0 = Release|Any CPU
		{483F1D2B-FC77-4D7F-B673-AFCE63FE3661}.Debug|Any CPU.ActiveCfg = Debug|Any CPU
		{483F1D2B-FC77-4D7F-B673-AFCE63FE3661}.Debug|Any CPU.Build.0 = Debug|Any CPU
		{483F1D2B-FC77-4D7F-B673-AFCE63FE3661}.Release|Any CPU.ActiveCfg = Release|Any CPU
		{483F1D2B-FC77-4D7F-B673-AFCE63FE3661}.Release|Any CPU.Build.0 = Release|Any CPU
		{1252C84D-2341-4310-A47B-3965113CD2F5}.Debug|Any CPU.ActiveCfg = Debug|Any CPU
		{1252C84D-2341-4310-A47B-3965113CD2F5}.Debug|Any CPU.Build.0 = Debug|Any CPU
		{1252C84D-2341-4310-A47B-3965113CD2F5}.Release|Any CPU.ActiveCfg = Release|Any CPU
		{1252C84D-2341-4310-A47B-3965113CD2F5}.Release|Any CPU.Build.0 = Release|Any CPU
		{CABC7998-2ED3-4A80-8078-8B3AC24E02E7}.Debug|Any CPU.ActiveCfg = Debug|Any CPU
		{CABC7998-2ED3-4A80-8078-8B3AC24E02E7}.Debug|Any CPU.Build.0 = Debug|Any CPU
		{CABC7998-2ED3-4A80-8078-8B3AC24E02E7}.Release|Any CPU.ActiveCfg = Release|Any CPU
		{CABC7998-2ED3-4A80-8078-8B3AC24E02E7}.Release|Any CPU.Build.0 = Release|Any CPU
		{39CFE847-F05B-4D40-AED0-EE668A5B5793}.Debug|Any CPU.ActiveCfg = Debug|Any CPU
		{39CFE847-F05B-4D40-AED0-EE668A5B5793}.Debug|Any CPU.Build.0 = Debug|Any CPU
		{39CFE847-F05B-4D40-AED0-EE668A5B5793}.Release|Any CPU.ActiveCfg = Release|Any CPU
		{39CFE847-F05B-4D40-AED0-EE668A5B5793}.Release|Any CPU.Build.0 = Release|Any CPU
		{45C3AF08-D25B-4DD8-93E2-DC1A22479648}.Debug|Any CPU.ActiveCfg = Debug|Any CPU
		{45C3AF08-D25B-4DD8-93E2-DC1A22479648}.Debug|Any CPU.Build.0 = Debug|Any CPU
		{45C3AF08-D25B-4DD8-93E2-DC1A22479648}.Release|Any CPU.ActiveCfg = Release|Any CPU
		{45C3AF08-D25B-4DD8-93E2-DC1A22479648}.Release|Any CPU.Build.0 = Release|Any CPU
		{E4CCFD1C-BB5D-405B-8BDA-111667D16343}.Debug|Any CPU.ActiveCfg = Debug|Any CPU
		{E4CCFD1C-BB5D-405B-8BDA-111667D16343}.Debug|Any CPU.Build.0 = Debug|Any CPU
		{E4CCFD1C-BB5D-405B-8BDA-111667D16343}.Release|Any CPU.ActiveCfg = Release|Any CPU
		{E4CCFD1C-BB5D-405B-8BDA-111667D16343}.Release|Any CPU.Build.0 = Release|Any CPU
		{5447A47E-4C43-40C9-834A-86AB3063DEFB}.Debug|Any CPU.ActiveCfg = Debug|Any CPU
		{5447A47E-4C43-40C9-834A-86AB3063DEFB}.Debug|Any CPU.Build.0 = Debug|Any CPU
		{5447A47E-4C43-40C9-834A-86AB3063DEFB}.Release|Any CPU.ActiveCfg = Release|Any CPU
		{5447A47E-4C43-40C9-834A-86AB3063DEFB}.Release|Any CPU.Build.0 = Release|Any CPU
		{E70120E1-F669-4C66-9166-51A0E2A082A6}.Debug|Any CPU.ActiveCfg = Debug|Any CPU
		{E70120E1-F669-4C66-9166-51A0E2A082A6}.Debug|Any CPU.Build.0 = Debug|Any CPU
		{E70120E1-F669-4C66-9166-51A0E2A082A6}.Release|Any CPU.ActiveCfg = Release|Any CPU
		{E70120E1-F669-4C66-9166-51A0E2A082A6}.Release|Any CPU.Build.0 = Release|Any CPU
		{D207F556-5582-422E-8385-EE0000EBC5A6}.Debug|Any CPU.ActiveCfg = Debug|Any CPU
		{D207F556-5582-422E-8385-EE0000EBC5A6}.Debug|Any CPU.Build.0 = Debug|Any CPU
		{D207F556-5582-422E-8385-EE0000EBC5A6}.Release|Any CPU.ActiveCfg = Release|Any CPU
		{D207F556-5582-422E-8385-EE0000EBC5A6}.Release|Any CPU.Build.0 = Release|Any CPU
		{23D2B6E0-97BB-4610-B643-AE61889FFDCD}.Debug|Any CPU.ActiveCfg = Debug|Any CPU
		{23D2B6E0-97BB-4610-B643-AE61889FFDCD}.Debug|Any CPU.Build.0 = Debug|Any CPU
		{23D2B6E0-97BB-4610-B643-AE61889FFDCD}.Release|Any CPU.ActiveCfg = Release|Any CPU
		{23D2B6E0-97BB-4610-B643-AE61889FFDCD}.Release|Any CPU.Build.0 = Release|Any CPU
		{71D5F0E5-02DB-4179-B0A3-9A07B1999446}.Debug|Any CPU.ActiveCfg = Debug|Any CPU
		{71D5F0E5-02DB-4179-B0A3-9A07B1999446}.Debug|Any CPU.Build.0 = Debug|Any CPU
		{71D5F0E5-02DB-4179-B0A3-9A07B1999446}.Release|Any CPU.ActiveCfg = Release|Any CPU
		{71D5F0E5-02DB-4179-B0A3-9A07B1999446}.Release|Any CPU.Build.0 = Release|Any CPU
	EndGlobalSection
	GlobalSection(SolutionProperties) = preSolution
		HideSolutionNode = FALSE
	EndGlobalSection
	GlobalSection(NestedProjects) = preSolution
		{6AADF59F-7255-42BD-899F-EA4E61372DA6} = {CA407324-E5EC-4D9D-802C-249C76EAC43E}
		{B2730EE5-1E56-434E-9D1F-875DB4D2B7A6} = {81C25810-BA7F-4DA8-8671-9C53CB89244C}
		{A42BC5C5-E1F8-4ACA-A6CC-C14BF864CF33} = {81C25810-BA7F-4DA8-8671-9C53CB89244C}
		{6F3D858A-8A44-4A3C-9B78-986471F82C8A} = {81C25810-BA7F-4DA8-8671-9C53CB89244C}
		{E4B6A0B7-0627-4ED0-88E9-49509D4E2B06} = {81C25810-BA7F-4DA8-8671-9C53CB89244C}
		{C8464A2E-1E83-4ED0-9687-EBFE21952263} = {81C25810-BA7F-4DA8-8671-9C53CB89244C}
		{6F85A6AB-240D-4FAE-86D4-7A8AD6D7CAAA} = {81C25810-BA7F-4DA8-8671-9C53CB89244C}
		{4ED974CB-94F9-4534-AFD0-32127A7FEDFB} = {81C25810-BA7F-4DA8-8671-9C53CB89244C}
		{14AB62B1-A6BD-4E34-A1AB-661BAD4B40E0} = {81C25810-BA7F-4DA8-8671-9C53CB89244C}
		{A587E770-928D-46A7-AD60-89B4EC14A445} = {81C25810-BA7F-4DA8-8671-9C53CB89244C}
		{A1EAB957-7199-4520-A2B6-CCDF15896E3A} = {98B4B0ED-D60F-4D64-B4E5-02464BBB882D}
		{483F1D2B-FC77-4D7F-B673-AFCE63FE3661} = {98B4B0ED-D60F-4D64-B4E5-02464BBB882D}
		{1252C84D-2341-4310-A47B-3965113CD2F5} = {98B4B0ED-D60F-4D64-B4E5-02464BBB882D}
		{CABC7998-2ED3-4A80-8078-8B3AC24E02E7} = {98B4B0ED-D60F-4D64-B4E5-02464BBB882D}
		{39CFE847-F05B-4D40-AED0-EE668A5B5793} = {AA959C0B-D609-47FC-B223-ABCF3E164A33}
		{45C3AF08-D25B-4DD8-93E2-DC1A22479648} = {AA959C0B-D609-47FC-B223-ABCF3E164A33}
		{E4CCFD1C-BB5D-405B-8BDA-111667D16343} = {AA959C0B-D609-47FC-B223-ABCF3E164A33}
		{5447A47E-4C43-40C9-834A-86AB3063DEFB} = {AA959C0B-D609-47FC-B223-ABCF3E164A33}
		{E70120E1-F669-4C66-9166-51A0E2A082A6} = {074E2979-8A4D-4BCC-A96C-EB3C6E427D74}
		{D207F556-5582-422E-8385-EE0000EBC5A6} = {074E2979-8A4D-4BCC-A96C-EB3C6E427D74}
		{23D2B6E0-97BB-4610-B643-AE61889FFDCD} = {074E2979-8A4D-4BCC-A96C-EB3C6E427D74}
		{71D5F0E5-02DB-4179-B0A3-9A07B1999446} = {074E2979-8A4D-4BCC-A96C-EB3C6E427D74}
	EndGlobalSection
	GlobalSection(ExtensibilityGlobals) = postSolution
		SolutionGuid = {4A5326C4-49CF-4315-8D43-E794E0E8BC32}
	EndGlobalSection
EndGlobal
