
Microsoft Visual Studio Solution File, Format Version 12.00
# Visual Studio Version 17
VisualStudioVersion = 17.0.31919.166
MinimumVisualStudioVersion = 10.0.40219.1
Project("{2150E333-8FDC-42A3-9474-1A3956D46DE8}") = "Basic", "Basic", "{81C25810-BA7F-4DA8-8671-9C53CB89244C}"
EndProject
Project("{2150E333-8FDC-42A3-9474-1A3956D46DE8}") = "Configuration", "Configuration", "{98B4B0ED-D60F-4D64-B4E5-02464BBB882D}"
EndProject
Project("{2150E333-8FDC-42A3-9474-1A3956D46DE8}") = "Nodes", "Nodes", "{AA959C0B-D609-47FC-B223-ABCF3E164A33}"
EndProject
Project("{2150E333-8FDC-42A3-9474-1A3956D46DE8}") = "Scenarios", "Scenarios", "{074E2979-8A4D-4BCC-A96C-EB3C6E427D74}"
EndProject
Project("{778DAE3C-4631-46EA-AA77-85C1314464D9}") = "Server", "Basic\Server\Server.vbproj", "{63ADDB17-0683-4E97-9FD6-87FE0E7B7DA9}"
EndProject
Project("{778DAE3C-4631-46EA-AA77-85C1314464D9}") = "Server.AE", "Basic\Server.AE\Server.AE.vbproj", "{1BE2C55D-A6C6-4E47-A024-01C15A3725AB}"
EndProject
Project("{778DAE3C-4631-46EA-AA77-85C1314464D9}") = "Server.Authentication", "Basic\Server.Authentication\Server.Authentication.vbproj", "{7D9A3BD5-AE70-4146-AA26-65D530A65E0C}"
EndProject
Project("{778DAE3C-4631-46EA-AA77-85C1314464D9}") = "Server.HDA", "Basic\Server.HDA\Server.HDA.vbproj", "{E6E9F743-0F52-4F72-97B6-21D58AF93092}"
EndProject
Project("{778DAE3C-4631-46EA-AA77-85C1314464D9}") = "Server.ConfiguredViaCode", "Configuration\Server.ConfiguredViaCode\Server.ConfiguredViaCode.vbproj", "{BFDFD916-D711-4ECE-B330-36EB80062931}"
EndProject
Project("{778DAE3C-4631-46EA-AA77-85C1314464D9}") = "Server.ConfiguredViaXml", "Configuration\Server.ConfiguredViaXml\Server.ConfiguredViaXml.vbproj", "{4E751F97-02F3-44EF-A171-35BA0D373D25}"
EndProject
Project("{778DAE3C-4631-46EA-AA77-85C1314464D9}") = "Server.AnalogItemNode", "Nodes\Server.AnalogItemNode\Server.AnalogItemNode.vbproj", "{CE5E6EF8-4D19-4368-A06C-604A1DDBBDC1}"
EndProject
Project("{778DAE3C-4631-46EA-AA77-85C1314464D9}") = "Server.DataTypeNode", "Nodes\Server.DataTypeNode\Server.DataTypeNode.vbproj", "{80B4877E-130A-47E3-BB4A-6085AA09049B}"
EndProject
Project("{778DAE3C-4631-46EA-AA77-85C1314464D9}") = "Server.NodeAccess", "Scenarios\Server.NodeAccess\Server.NodeAccess.vbproj", "{88F63A40-D36E-4675-B1A1-121469B7EBEA}"
EndProject
Project("{778DAE3C-4631-46EA-AA77-85C1314464D9}") = "Server.Temperature", "Scenarios\Server.Temperature\Server.Temperature.vbproj", "{8B9AA79D-269D-4C5A-8818-DD21C7B16CCC}"
EndProject
Project("{778DAE3C-4631-46EA-AA77-85C1314464D9}") = "Server.DataTypes", "Basic\Server.DataTypes\Server.DataTypes.vbproj", "{2F4C5541-0871-40DB-973A-CA9C332D6103}"
EndProject
Project("{778DAE3C-4631-46EA-AA77-85C1314464D9}") = "Server.HDA.Sql", "Basic\Server.HDA.Sql\Server.HDA.Sql.vbproj", "{DCA578F7-519C-4CBD-85A0-AB560577FFF3}"
EndProject
Project("{778DAE3C-4631-46EA-AA77-85C1314464D9}") = "Server.SimaticNodes", "Scenarios\Server.SimaticNodes\Server.SimaticNodes.vbproj", "{6AF581DA-9C96-41E3-A3EA-FBC6DA72EA99}"
EndProject
Project("{778DAE3C-4631-46EA-AA77-85C1314464D9}") = "Server.NodeTypes", "Basic\Server.NodeTypes\Server.NodeTypes.vbproj", "{7F83B704-2FDA-4BA5-871E-7C288594924D}"
EndProject
Global
	GlobalSection(SolutionConfigurationPlatforms) = preSolution
		Debug|Any CPU = Debug|Any CPU
		Release|Any CPU = Release|Any CPU
	EndGlobalSection
	GlobalSection(ProjectConfigurationPlatforms) = postSolution
		{63ADDB17-0683-4E97-9FD6-87FE0E7B7DA9}.Debug|Any CPU.ActiveCfg = Debug|Any CPU
		{63ADDB17-0683-4E97-9FD6-87FE0E7B7DA9}.Debug|Any CPU.Build.0 = Debug|Any CPU
		{63ADDB17-0683-4E97-9FD6-87FE0E7B7DA9}.Release|Any CPU.ActiveCfg = Release|Any CPU
		{63ADDB17-0683-4E97-9FD6-87FE0E7B7DA9}.Release|Any CPU.Build.0 = Release|Any CPU
		{1BE2C55D-A6C6-4E47-A024-01C15A3725AB}.Debug|Any CPU.ActiveCfg = Debug|Any CPU
		{1BE2C55D-A6C6-4E47-A024-01C15A3725AB}.Debug|Any CPU.Build.0 = Debug|Any CPU
		{1BE2C55D-A6C6-4E47-A024-01C15A3725AB}.Release|Any CPU.ActiveCfg = Release|Any CPU
		{1BE2C55D-A6C6-4E47-A024-01C15A3725AB}.Release|Any CPU.Build.0 = Release|Any CPU
		{7D9A3BD5-AE70-4146-AA26-65D530A65E0C}.Debug|Any CPU.ActiveCfg = Debug|Any CPU
		{7D9A3BD5-AE70-4146-AA26-65D530A65E0C}.Debug|Any CPU.Build.0 = Debug|Any CPU
		{7D9A3BD5-AE70-4146-AA26-65D530A65E0C}.Release|Any CPU.ActiveCfg = Release|Any CPU
		{7D9A3BD5-AE70-4146-AA26-65D530A65E0C}.Release|Any CPU.Build.0 = Release|Any CPU
		{E6E9F743-0F52-4F72-97B6-21D58AF93092}.Debug|Any CPU.ActiveCfg = Debug|Any CPU
		{E6E9F743-0F52-4F72-97B6-21D58AF93092}.Debug|Any CPU.Build.0 = Debug|Any CPU
		{E6E9F743-0F52-4F72-97B6-21D58AF93092}.Release|Any CPU.ActiveCfg = Release|Any CPU
		{E6E9F743-0F52-4F72-97B6-21D58AF93092}.Release|Any CPU.Build.0 = Release|Any CPU
		{BFDFD916-D711-4ECE-B330-36EB80062931}.Debug|Any CPU.ActiveCfg = Debug|Any CPU
		{BFDFD916-D711-4ECE-B330-36EB80062931}.Debug|Any CPU.Build.0 = Debug|Any CPU
		{BFDFD916-D711-4ECE-B330-36EB80062931}.Release|Any CPU.ActiveCfg = Release|Any CPU
		{BFDFD916-D711-4ECE-B330-36EB80062931}.Release|Any CPU.Build.0 = Release|Any CPU
		{4E751F97-02F3-44EF-A171-35BA0D373D25}.Debug|Any CPU.ActiveCfg = Debug|Any CPU
		{4E751F97-02F3-44EF-A171-35BA0D373D25}.Debug|Any CPU.Build.0 = Debug|Any CPU
		{4E751F97-02F3-44EF-A171-35BA0D373D25}.Release|Any CPU.ActiveCfg = Release|Any CPU
		{4E751F97-02F3-44EF-A171-35BA0D373D25}.Release|Any CPU.Build.0 = Release|Any CPU
		{CE5E6EF8-4D19-4368-A06C-604A1DDBBDC1}.Debug|Any CPU.ActiveCfg = Debug|Any CPU
		{CE5E6EF8-4D19-4368-A06C-604A1DDBBDC1}.Debug|Any CPU.Build.0 = Debug|Any CPU
		{CE5E6EF8-4D19-4368-A06C-604A1DDBBDC1}.Release|Any CPU.ActiveCfg = Release|Any CPU
		{CE5E6EF8-4D19-4368-A06C-604A1DDBBDC1}.Release|Any CPU.Build.0 = Release|Any CPU
		{80B4877E-130A-47E3-BB4A-6085AA09049B}.Debug|Any CPU.ActiveCfg = Debug|Any CPU
		{80B4877E-130A-47E3-BB4A-6085AA09049B}.Debug|Any CPU.Build.0 = Debug|Any CPU
		{80B4877E-130A-47E3-BB4A-6085AA09049B}.Release|Any CPU.ActiveCfg = Release|Any CPU
		{80B4877E-130A-47E3-BB4A-6085AA09049B}.Release|Any CPU.Build.0 = Release|Any CPU
		{88F63A40-D36E-4675-B1A1-121469B7EBEA}.Debug|Any CPU.ActiveCfg = Debug|Any CPU
		{88F63A40-D36E-4675-B1A1-121469B7EBEA}.Debug|Any CPU.Build.0 = Debug|Any CPU
		{88F63A40-D36E-4675-B1A1-121469B7EBEA}.Release|Any CPU.ActiveCfg = Release|Any CPU
		{88F63A40-D36E-4675-B1A1-121469B7EBEA}.Release|Any CPU.Build.0 = Release|Any CPU
		{8B9AA79D-269D-4C5A-8818-DD21C7B16CCC}.Debug|Any CPU.ActiveCfg = Debug|Any CPU
		{8B9AA79D-269D-4C5A-8818-DD21C7B16CCC}.Debug|Any CPU.Build.0 = Debug|Any CPU
		{8B9AA79D-269D-4C5A-8818-DD21C7B16CCC}.Release|Any CPU.ActiveCfg = Release|Any CPU
		{8B9AA79D-269D-4C5A-8818-DD21C7B16CCC}.Release|Any CPU.Build.0 = Release|Any CPU
		{2F4C5541-0871-40DB-973A-CA9C332D6103}.Debug|Any CPU.ActiveCfg = Debug|Any CPU
		{2F4C5541-0871-40DB-973A-CA9C332D6103}.Debug|Any CPU.Build.0 = Debug|Any CPU
		{2F4C5541-0871-40DB-973A-CA9C332D6103}.Release|Any CPU.ActiveCfg = Release|Any CPU
		{2F4C5541-0871-40DB-973A-CA9C332D6103}.Release|Any CPU.Build.0 = Release|Any CPU
		{DCA578F7-519C-4CBD-85A0-AB560577FFF3}.Debug|Any CPU.ActiveCfg = Debug|Any CPU
		{DCA578F7-519C-4CBD-85A0-AB560577FFF3}.Debug|Any CPU.Build.0 = Debug|Any CPU
		{DCA578F7-519C-4CBD-85A0-AB560577FFF3}.Release|Any CPU.ActiveCfg = Release|Any CPU
		{DCA578F7-519C-4CBD-85A0-AB560577FFF3}.Release|Any CPU.Build.0 = Release|Any CPU
		{6AF581DA-9C96-41E3-A3EA-FBC6DA72EA99}.Debug|Any CPU.ActiveCfg = Debug|Any CPU
		{6AF581DA-9C96-41E3-A3EA-FBC6DA72EA99}.Debug|Any CPU.Build.0 = Debug|Any CPU
		{6AF581DA-9C96-41E3-A3EA-FBC6DA72EA99}.Release|Any CPU.ActiveCfg = Release|Any CPU
		{6AF581DA-9C96-41E3-A3EA-FBC6DA72EA99}.Release|Any CPU.Build.0 = Release|Any CPU
		{7F83B704-2FDA-4BA5-871E-7C288594924D}.Debug|Any CPU.ActiveCfg = Debug|Any CPU
		{7F83B704-2FDA-4BA5-871E-7C288594924D}.Debug|Any CPU.Build.0 = Debug|Any CPU
		{7F83B704-2FDA-4BA5-871E-7C288594924D}.Release|Any CPU.ActiveCfg = Release|Any CPU
		{7F83B704-2FDA-4BA5-871E-7C288594924D}.Release|Any CPU.Build.0 = Release|Any CPU
	EndGlobalSection
	GlobalSection(SolutionProperties) = preSolution
		HideSolutionNode = FALSE
	EndGlobalSection
	GlobalSection(NestedProjects) = preSolution
		{63ADDB17-0683-4E97-9FD6-87FE0E7B7DA9} = {81C25810-BA7F-4DA8-8671-9C53CB89244C}
		{1BE2C55D-A6C6-4E47-A024-01C15A3725AB} = {81C25810-BA7F-4DA8-8671-9C53CB89244C}
		{7D9A3BD5-AE70-4146-AA26-65D530A65E0C} = {81C25810-BA7F-4DA8-8671-9C53CB89244C}
		{E6E9F743-0F52-4F72-97B6-21D58AF93092} = {81C25810-BA7F-4DA8-8671-9C53CB89244C}
		{BFDFD916-D711-4ECE-B330-36EB80062931} = {98B4B0ED-D60F-4D64-B4E5-02464BBB882D}
		{4E751F97-02F3-44EF-A171-35BA0D373D25} = {98B4B0ED-D60F-4D64-B4E5-02464BBB882D}
		{CE5E6EF8-4D19-4368-A06C-604A1DDBBDC1} = {AA959C0B-D609-47FC-B223-ABCF3E164A33}
		{80B4877E-130A-47E3-BB4A-6085AA09049B} = {AA959C0B-D609-47FC-B223-ABCF3E164A33}
		{88F63A40-D36E-4675-B1A1-121469B7EBEA} = {074E2979-8A4D-4BCC-A96C-EB3C6E427D74}
		{8B9AA79D-269D-4C5A-8818-DD21C7B16CCC} = {074E2979-8A4D-4BCC-A96C-EB3C6E427D74}
		{2F4C5541-0871-40DB-973A-CA9C332D6103} = {81C25810-BA7F-4DA8-8671-9C53CB89244C}
		{DCA578F7-519C-4CBD-85A0-AB560577FFF3} = {81C25810-BA7F-4DA8-8671-9C53CB89244C}
		{6AF581DA-9C96-41E3-A3EA-FBC6DA72EA99} = {074E2979-8A4D-4BCC-A96C-EB3C6E427D74}
		{7F83B704-2FDA-4BA5-871E-7C288594924D} = {81C25810-BA7F-4DA8-8671-9C53CB89244C}
	EndGlobalSection
	GlobalSection(ExtensibilityGlobals) = postSolution
		SolutionGuid = {4A5326C4-49CF-4315-8D43-E794E0E8BC32}
	EndGlobalSection
EndGlobal
