
Microsoft Visual Studio Solution File, Format Version 12.00
# Visual Studio Version 16
VisualStudioVersion = 16.0.30320.27
MinimumVisualStudioVersion = 10.0.40219.1
Project("{9A19103F-16F7-4668-BE54-9A1E7A4F7556}") = "Client.Umati", "Client.Umati.csproj", "{69C43465-8F80-4396-BF00-960127C96AEF}"
EndProject
Global
	GlobalSection(SolutionConfigurationPlatforms) = preSolution
		Debug|Any CPU = Debug|Any CPU
		Release|Any CPU = Release|Any CPU
	EndGlobalSection
	GlobalSection(ProjectConfigurationPlatforms) = postSolution
		{69C43465-8F80-4396-BF00-960127C96AEF}.Debug|Any CPU.ActiveCfg = Debug|Any CPU
		{69C43465-8F80-4396-BF00-960127C96AEF}.Debug|Any CPU.Build.0 = Debug|Any CPU
		{69C43465-8F80-4396-BF00-960127C96AEF}.Release|Any CPU.ActiveCfg = Release|Any CPU
		{69C43465-8F80-4396-BF00-960127C96AEF}.Release|Any CPU.Build.0 = Release|Any CPU
	EndGlobalSection
	GlobalSection(SolutionProperties) = preSolution
		HideSolutionNode = FALSE
	EndGlobalSection
	GlobalSection(ExtensibilityGlobals) = postSolution
		SolutionGuid = {7FB0FB75-E5DA-498D-A2B0-466A5EAAAFED}
	EndGlobalSection
EndGlobal
