
Microsoft Visual Studio Solution File, Format Version 12.00
# Visual Studio Version 17
VisualStudioVersion = 17.0.31903.59
MinimumVisualStudioVersion = 10.0.40219.1
Project("{9A19103F-16F7-4668-BE54-9A1E7A4F7556}") = "Server", "Server\Server.csproj", "{5F29BD70-4C7E-4DC3-BC8B-05B67DCF38C1}"
EndProject
Project("{9A19103F-16F7-4668-BE54-9A1E7A4F7556}") = "Client", "Client\Client.csproj", "{226EBFE1-8213-4979-AAC0-B1446EAF3C5C}"
EndProject
Global
	GlobalSection(SolutionConfigurationPlatforms) = preSolution
		Debug|Any CPU = Debug|Any CPU
		Release|Any CPU = Release|Any CPU
	EndGlobalSection
	GlobalSection(ProjectConfigurationPlatforms) = postSolution
		{5F29BD70-4C7E-4DC3-BC8B-05B67DCF38C1}.Debug|Any CPU.ActiveCfg = Debug|Any CPU
		{5F29BD70-4C7E-4DC3-BC8B-05B67DCF38C1}.Debug|Any CPU.Build.0 = Debug|Any CPU
		{5F29BD70-4C7E-4DC3-BC8B-05B67DCF38C1}.Release|Any CPU.ActiveCfg = Release|Any CPU
		{5F29BD70-4C7E-4DC3-BC8B-05B67DCF38C1}.Release|Any CPU.Build.0 = Release|Any CPU
		{226EBFE1-8213-4979-AAC0-B1446EAF3C5C}.Debug|Any CPU.ActiveCfg = Debug|Any CPU
		{226EBFE1-8213-4979-AAC0-B1446EAF3C5C}.Debug|Any CPU.Build.0 = Debug|Any CPU
		{226EBFE1-8213-4979-AAC0-B1446EAF3C5C}.Release|Any CPU.ActiveCfg = Release|Any CPU
		{226EBFE1-8213-4979-AAC0-B1446EAF3C5C}.Release|Any CPU.Build.0 = Release|Any CPU
	EndGlobalSection
	GlobalSection(SolutionProperties) = preSolution
		HideSolutionNode = FALSE
	EndGlobalSection
	GlobalSection(ExtensibilityGlobals) = postSolution
		SolutionGuid = {EC68EF35-77E5-424B-B84E-85B16B92E647}
	EndGlobalSection
EndGlobal
