
Microsoft Visual Studio Solution File, Format Version 12.00
# Visual Studio Version 17
VisualStudioVersion = 17.0.31903.59
MinimumVisualStudioVersion = 10.0.40219.1
Project("{9A19103F-16F7-4668-BE54-9A1E7A4F7556}") = "3VisionServer", "VisionServer\3VisionServer.csproj", "{432BCC83-CA2C-447B-96E4-B68202B18FCB}"
EndProject
Project("{9A19103F-16F7-4668-BE54-9A1E7A4F7556}") = "2Server", "Server\2Server.csproj", "{E236BC29-60E2-4B5E-AFDF-5178B683A78A}"
EndProject
Project("{9A19103F-16F7-4668-BE54-9A1E7A4F7556}") = "1Vision", "Vision\1Vision.csproj", "{F850A5A2-4FD0-4715-9935-D914F03AB400}"
EndProject
Global
	GlobalSection(SolutionConfigurationPlatforms) = preSolution
		Debug|Any CPU = Debug|Any CPU
		Release|Any CPU = Release|Any CPU
	EndGlobalSection
	GlobalSection(ProjectConfigurationPlatforms) = postSolution
		{432BCC83-CA2C-447B-96E4-B68202B18FCB}.Debug|Any CPU.ActiveCfg = Debug|Any CPU
		{432BCC83-CA2C-447B-96E4-B68202B18FCB}.Debug|Any CPU.Build.0 = Debug|Any CPU
		{432BCC83-CA2C-447B-96E4-B68202B18FCB}.Release|Any CPU.ActiveCfg = Release|Any CPU
		{432BCC83-CA2C-447B-96E4-B68202B18FCB}.Release|Any CPU.Build.0 = Release|Any CPU
		{E236BC29-60E2-4B5E-AFDF-5178B683A78A}.Debug|Any CPU.ActiveCfg = Debug|Any CPU
		{E236BC29-60E2-4B5E-AFDF-5178B683A78A}.Debug|Any CPU.Build.0 = Debug|Any CPU
		{E236BC29-60E2-4B5E-AFDF-5178B683A78A}.Release|Any CPU.ActiveCfg = Release|Any CPU
		{E236BC29-60E2-4B5E-AFDF-5178B683A78A}.Release|Any CPU.Build.0 = Release|Any CPU
		{F850A5A2-4FD0-4715-9935-D914F03AB400}.Debug|Any CPU.ActiveCfg = Debug|Any CPU
		{F850A5A2-4FD0-4715-9935-D914F03AB400}.Debug|Any CPU.Build.0 = Debug|Any CPU
		{F850A5A2-4FD0-4715-9935-D914F03AB400}.Release|Any CPU.ActiveCfg = Release|Any CPU
		{F850A5A2-4FD0-4715-9935-D914F03AB400}.Release|Any CPU.Build.0 = Release|Any CPU
	EndGlobalSection
	GlobalSection(SolutionProperties) = preSolution
		HideSolutionNode = FALSE
	EndGlobalSection
	GlobalSection(ExtensibilityGlobals) = postSolution
		SolutionGuid = {EC68EF35-77E5-424B-B84E-85B16B92E647}
	EndGlobalSection
EndGlobal
